PODS:
  - SideMenu (6.5.0)
  - SwiftLint (0.45.1)

DEPENDENCIES:
  - SideMenu
  - SwiftLint

SPEC REPOS:
  trunk:
    - SideMenu
    - SwiftLint

SPEC CHECKSUMS:
  SideMenu: f583187d21c5b1dd04c72002be544b555a2627a2
  SwiftLint: 06ac37e4d38c7068e0935bb30cda95f093bec761

PODFILE CHECKSUM: ea16d74a97fc06b2cb98bb48e70a79782bb5c66f

COCOAPODS: 1.11.2
