// !$*UTF8*$!
{
	archiveVersion = 1;
	classes = {
	};
	objectVersion = 55;
	objects = {

/* Begin PBXBuildFile section */
		0417C34927BCEB7F006AB3B4 /* Profile.storyboard in Resources */ = {isa = PBXBuildFile; fileRef = 0417C34827BCEB7F006AB3B4 /* Profile.storyboard */; };
		0417C34B27BCF1D7006AB3B4 /* ProfileViewController.swift in Sources */ = {isa = PBXBuildFile; fileRef = 0417C34A27BCF1D7006AB3B4 /* ProfileViewController.swift */; };
		0417C34D27BCF223006AB3B4 /* ProfileTableViewCell.swift in Sources */ = {isa = PBXBuildFile; fileRef = 0417C34C27BCF223006AB3B4 /* ProfileTableViewCell.swift */; };
		0417C34F27BCFCAA006AB3B4 /* editProfilePage.storyboard in Resources */ = {isa = PBXBuildFile; fileRef = 0417C34E27BCFCAA006AB3B4 /* editProfilePage.storyboard */; };
		0417C35127BCFCE7006AB3B4 /* EditProfilePageViewController.swift in Sources */ = {isa = PBXBuildFile; fileRef = 0417C35027BCFCE7006AB3B4 /* EditProfilePageViewController.swift */; };
		0417C35327BD7738006AB3B4 /* SideMenuTableViewCell.xib in Resources */ = {isa = PBXBuildFile; fileRef = 0417C35227BD7738006AB3B4 /* SideMenuTableViewCell.xib */; };
		0417C35927BDA622006AB3B4 /* BookmarkModel.swift in Sources */ = {isa = PBXBuildFile; fileRef = 0417C35827BDA621006AB3B4 /* BookmarkModel.swift */; };
		049D60D927B8059E00DB35F1 /* LoginViewController.swift in Sources */ = {isa = PBXBuildFile; fileRef = 049D60D827B8059E00DB35F1 /* LoginViewController.swift */; };
		049D60EE27B8062800DB35F1 /* ArticleDirectory.swift in Sources */ = {isa = PBXBuildFile; fileRef = 049D60DF27B8062800DB35F1 /* ArticleDirectory.swift */; };
		049D60EF27B8062800DB35F1 /* DashboardViewController.swift in Sources */ = {isa = PBXBuildFile; fileRef = 049D60E127B8062800DB35F1 /* DashboardViewController.swift */; };
		049D60F027B8062800DB35F1 /* LatestNewsViewController.swift in Sources */ = {isa = PBXBuildFile; fileRef = 049D60E227B8062800DB35F1 /* LatestNewsViewController.swift */; };
		049D60F127B8062800DB35F1 /* DashboardCollectionViewController.swift in Sources */ = {isa = PBXBuildFile; fileRef = 049D60E327B8062800DB35F1 /* DashboardCollectionViewController.swift */; };
		049D60F227B8062800DB35F1 /* DashboardTableViewController.swift in Sources */ = {isa = PBXBuildFile; fileRef = 049D60E427B8062800DB35F1 /* DashboardTableViewController.swift */; };
		049D60F327B8062800DB35F1 /* NewsModel.swift in Sources */ = {isa = PBXBuildFile; fileRef = 049D60E627B8062800DB35F1 /* NewsModel.swift */; };
		049D60F427B8062800DB35F1 /* LatestNewsTableViewCell.swift in Sources */ = {isa = PBXBuildFile; fileRef = 049D60E827B8062800DB35F1 /* LatestNewsTableViewCell.swift */; };
		049D60F527B8062800DB35F1 /* DashboardTableViewCell.swift in Sources */ = {isa = PBXBuildFile; fileRef = 049D60E927B8062800DB35F1 /* DashboardTableViewCell.swift */; };
		049D60F627B8062800DB35F1 /* DashboardCollectionViewCell.swift in Sources */ = {isa = PBXBuildFile; fileRef = 049D60EA27B8062800DB35F1 /* DashboardCollectionViewCell.swift */; };
		049D60F727B8062800DB35F1 /* NetworkCall.swift in Sources */ = {isa = PBXBuildFile; fileRef = 049D60EC27B8062800DB35F1 /* NetworkCall.swift */; };
		049D60FD27B8063D00DB35F1 /* MenuTableViewController.swift in Sources */ = {isa = PBXBuildFile; fileRef = 049D60F927B8063D00DB35F1 /* MenuTableViewController.swift */; };
		049D60FF27B8063D00DB35F1 /* SideMenuTableViewCell.swift in Sources */ = {isa = PBXBuildFile; fileRef = 049D60FB27B8063D00DB35F1 /* SideMenuTableViewCell.swift */; };
		049D610327B80C8E00DB35F1 /* DetailsViewController.swift in Sources */ = {isa = PBXBuildFile; fileRef = 049D610227B80C8E00DB35F1 /* DetailsViewController.swift */; };
		049D610527B88BBC00DB35F1 /* Dashboard.storyboard in Resources */ = {isa = PBXBuildFile; fileRef = 049D610427B88BBB00DB35F1 /* Dashboard.storyboard */; };
		049D610727B88BDC00DB35F1 /* NewsDetails.storyboard in Resources */ = {isa = PBXBuildFile; fileRef = 049D610627B88BDC00DB35F1 /* NewsDetails.storyboard */; };
		049D610927B88BFC00DB35F1 /* SideMenu.storyboard in Resources */ = {isa = PBXBuildFile; fileRef = 049D610827B88BFC00DB35F1 /* SideMenu.storyboard */; };
		049D610D27B8962200DB35F1 /* Pods-DecaNews-frameworks.sh in Resources */ = {isa = PBXBuildFile; fileRef = 049D610C27B8962200DB35F1 /* Pods-DecaNews-frameworks.sh */; };
		049D610F27B89A0900DB35F1 /* DetailsSettingsView.swift in Sources */ = {isa = PBXBuildFile; fileRef = 049D610E27B89A0900DB35F1 /* DetailsSettingsView.swift */; };
		049D611127B89A1400DB35F1 /* SettingsBackgroundUIView.swift in Sources */ = {isa = PBXBuildFile; fileRef = 049D611027B89A1400DB35F1 /* SettingsBackgroundUIView.swift */; };
		049D611327B89B3D00DB35F1 /* UIView+Extension.swift in Sources */ = {isa = PBXBuildFile; fileRef = 049D611227B89B3D00DB35F1 /* UIView+Extension.swift */; };
		049D611427B89CAB00DB35F1 /* GoogleService-Info.plist in Resources */ = {isa = PBXBuildFile; fileRef = 04BC5A93279573CB00327E68 /* GoogleService-Info.plist */; };
		04BC5A972796B1B900327E68 /* FirebaseAuth in Frameworks */ = {isa = PBXBuildFile; productRef = 04BC5A962796B1B900327E68 /* FirebaseAuth */; };
		04BC5A992796B1B900327E68 /* FirebaseDynamicLinks in Frameworks */ = {isa = PBXBuildFile; productRef = 04BC5A982796B1B900327E68 /* FirebaseDynamicLinks */; };
		04BC5A9B2796B1B900327E68 /* FirebaseFirestore in Frameworks */ = {isa = PBXBuildFile; productRef = 04BC5A9A2796B1B900327E68 /* FirebaseFirestore */; };
		04BC5A9D2796B1B900327E68 /* FirebaseMessaging in Frameworks */ = {isa = PBXBuildFile; productRef = 04BC5A9C2796B1B900327E68 /* FirebaseMessaging */; };
		04BC5A9F2796B1B900327E68 /* FirebaseStorage in Frameworks */ = {isa = PBXBuildFile; productRef = 04BC5A9E2796B1B900327E68 /* FirebaseStorage */; };
		04F2AA6827931F0A00D4C062 /* AppDelegate.swift in Sources */ = {isa = PBXBuildFile; fileRef = 04F2AA6727931F0A00D4C062 /* AppDelegate.swift */; };
		04F2AA6A27931F0A00D4C062 /* SceneDelegate.swift in Sources */ = {isa = PBXBuildFile; fileRef = 04F2AA6927931F0A00D4C062 /* SceneDelegate.swift */; };
		04F2AA7127931F0E00D4C062 /* Assets.xcassets in Resources */ = {isa = PBXBuildFile; fileRef = 04F2AA7027931F0E00D4C062 /* Assets.xcassets */; };
		04F2AA7427931F0E00D4C062 /* LaunchScreen.storyboard in Resources */ = {isa = PBXBuildFile; fileRef = 04F2AA7227931F0E00D4C062 /* LaunchScreen.storyboard */; };
		04F2AA8727943F6000D4C062 /* Model.swift in Sources */ = {isa = PBXBuildFile; fileRef = 04F2AA8627943F6000D4C062 /* Model.swift */; };
		9410301627A9404700411376 /* EmailSignUpViewController.swift in Sources */ = {isa = PBXBuildFile; fileRef = 9410301327A9404700411376 /* EmailSignUpViewController.swift */; };
		9410301727A9404700411376 /* PasswordResetViewController.swift in Sources */ = {isa = PBXBuildFile; fileRef = 9410301427A9404700411376 /* PasswordResetViewController.swift */; };
		9410301827A9404700411376 /* SelectedTopicsViewController.swift in Sources */ = {isa = PBXBuildFile; fileRef = 9410301527A9404700411376 /* SelectedTopicsViewController.swift */; };
		9410301C27A9407400411376 /* FirebaseService.swift in Sources */ = {isa = PBXBuildFile; fileRef = 9410301B27A9407400411376 /* FirebaseService.swift */; };
		9410302027A9409F00411376 /* String+Extension.swift in Sources */ = {isa = PBXBuildFile; fileRef = 9410301F27A9409F00411376 /* String+Extension.swift */; };
		94A2C96A27BADB600048F37C /* OnboardingCoordinator.swift in Sources */ = {isa = PBXBuildFile; fileRef = 94A2C96927BADB600048F37C /* OnboardingCoordinator.swift */; };
		94A2C96D27BAE85D0048F37C /* AuthCoordinator.swift in Sources */ = {isa = PBXBuildFile; fileRef = 94A2C96C27BAE85D0048F37C /* AuthCoordinator.swift */; };
		94A2C96F27BAEDEF0048F37C /* MainAppCoordinator.swift in Sources */ = {isa = PBXBuildFile; fileRef = 94A2C96E27BAEDEF0048F37C /* MainAppCoordinator.swift */; };
		B41C322427A99A4A00A173A3 /* LoginScreen.storyboard in Resources */ = {isa = PBXBuildFile; fileRef = B41C322327A99A4A00A173A3 /* LoginScreen.storyboard */; };
		B4249F4927B5BB8D002C5E01 /* Persistence.swift in Sources */ = {isa = PBXBuildFile; fileRef = B4249F4827B5BB8D002C5E01 /* Persistence.swift */; };
		B4249F4B27B64E24002C5E01 /* FirebaseFirestoreSwift-Beta in Frameworks */ = {isa = PBXBuildFile; productRef = B4249F4A27B64E24002C5E01 /* FirebaseFirestoreSwift-Beta */; };
		B4249F5527B67050002C5E01 /* MenuDelegate.swift in Sources */ = {isa = PBXBuildFile; fileRef = B4249F5427B67050002C5E01 /* MenuDelegate.swift */; };
		B4249F5727B67144002C5E01 /* NewsPersistenceModel.swift in Sources */ = {isa = PBXBuildFile; fileRef = B4249F5627B67144002C5E01 /* NewsPersistenceModel.swift */; };
		B45C373A27ADB9AB009995B7 /* ServicesViewModel.swift in Sources */ = {isa = PBXBuildFile; fileRef = B45C373827ADB9AB009995B7 /* ServicesViewModel.swift */; };
		B45C373B27ADB9AB009995B7 /* ResetPasswordViewModel.swift in Sources */ = {isa = PBXBuildFile; fileRef = B45C373927ADB9AB009995B7 /* ResetPasswordViewModel.swift */; };
		B45C373E27ADB9DD009995B7 /* EmailLogin.storyboard in Resources */ = {isa = PBXBuildFile; fileRef = B45C373C27ADB9DC009995B7 /* EmailLogin.storyboard */; };
		B45C373F27ADB9DD009995B7 /* password_reset.storyboard in Resources */ = {isa = PBXBuildFile; fileRef = B45C373D27ADB9DD009995B7 /* password_reset.storyboard */; };
		B45C374127ADBB0A009995B7 /* User.swift in Sources */ = {isa = PBXBuildFile; fileRef = B45C374027ADBB0A009995B7 /* User.swift */; };
		B4655A1627A289DA0012E4CD /* EmailSignin.storyboard in Resources */ = {isa = PBXBuildFile; fileRef = B4655A1527A289DA0012E4CD /* EmailSignin.storyboard */; };
		B46C8ECA279BF29800C1A903 /* OnboardingCollectionViewCell.swift in Sources */ = {isa = PBXBuildFile; fileRef = B46C8EC9279BF29800C1A903 /* OnboardingCollectionViewCell.swift */; };
		B46C8ECC279C650400C1A903 /* IndicatorLabel.swift in Sources */ = {isa = PBXBuildFile; fileRef = B46C8ECB279C650400C1A903 /* IndicatorLabel.swift */; };
		B47E589C27948C0100D70341 /* Coordinator.swift in Sources */ = {isa = PBXBuildFile; fileRef = B47E589B27948C0100D70341 /* Coordinator.swift */; };
		B47E589E27948C1D00D70341 /* AppCoordinator.swift in Sources */ = {isa = PBXBuildFile; fileRef = B47E589D27948C1D00D70341 /* AppCoordinator.swift */; };
		B4851E7627A525C2005F4399 /* EmailSiginInViewController.swift in Sources */ = {isa = PBXBuildFile; fileRef = B4851E7527A525C2005F4399 /* EmailSiginInViewController.swift */; };
		B48F2A1427B3A47F00BDC8D4 /* Bookmarks.storyboard in Resources */ = {isa = PBXBuildFile; fileRef = B48F2A1327B3A47F00BDC8D4 /* Bookmarks.storyboard */; };
		B48F2A1627B3A9E900BDC8D4 /* BookmarksViewController.swift in Sources */ = {isa = PBXBuildFile; fileRef = B48F2A1527B3A9E900BDC8D4 /* BookmarksViewController.swift */; };
		B48F2A1927B3AA3A00BDC8D4 /* NewsTableViewCell.swift in Sources */ = {isa = PBXBuildFile; fileRef = B48F2A1727B3AA3A00BDC8D4 /* NewsTableViewCell.swift */; };
		B48F2A1A27B3AA3A00BDC8D4 /* BookmarksTableViewCell.xib in Resources */ = {isa = PBXBuildFile; fileRef = B48F2A1827B3AA3A00BDC8D4 /* BookmarksTableViewCell.xib */; };
		B48F2A1C27B4148300BDC8D4 /* BookmarksViewModel.swift in Sources */ = {isa = PBXBuildFile; fileRef = B48F2A1B27B4148300BDC8D4 /* BookmarksViewModel.swift */; };
		B49DCD422797DE6E005E9A04 /* onboarding.storyboard in Resources */ = {isa = PBXBuildFile; fileRef = B49DCD412797DE6E005E9A04 /* onboarding.storyboard */; };
		B49DCD442797F082005E9A04 /* OnboardingViewController.swift in Sources */ = {isa = PBXBuildFile; fileRef = B49DCD432797F082005E9A04 /* OnboardingViewController.swift */; };
		B49DCD462797F680005E9A04 /* OnboardingViewModel.swift in Sources */ = {isa = PBXBuildFile; fileRef = B49DCD452797F680005E9A04 /* OnboardingViewModel.swift */; };
		B4CBBBD227ADB3EB00A9647F /* ResetLinkViewController.swift in Sources */ = {isa = PBXBuildFile; fileRef = B4CBBBD127ADB3EB00A9647F /* ResetLinkViewController.swift */; };
		BB261B904D2D6A570476C503 /* Pods_DecaNews.framework in Frameworks */ = {isa = PBXBuildFile; fileRef = 95DBAE4292CDB92944ECD0C5 /* Pods_DecaNews.framework */; };
/* End PBXBuildFile section */

/* Begin PBXFileReference section */
		0417C34827BCEB7F006AB3B4 /* Profile.storyboard */ = {isa = PBXFileReference; lastKnownFileType = file.storyboard; path = Profile.storyboard; sourceTree = "<group>"; };
		0417C34A27BCF1D7006AB3B4 /* ProfileViewController.swift */ = {isa = PBXFileReference; lastKnownFileType = sourcecode.swift; path = ProfileViewController.swift; sourceTree = "<group>"; };
		0417C34C27BCF223006AB3B4 /* ProfileTableViewCell.swift */ = {isa = PBXFileReference; lastKnownFileType = sourcecode.swift; path = ProfileTableViewCell.swift; sourceTree = "<group>"; };
		0417C34E27BCFCAA006AB3B4 /* editProfilePage.storyboard */ = {isa = PBXFileReference; fileEncoding = 4; lastKnownFileType = file.storyboard; path = editProfilePage.storyboard; sourceTree = "<group>"; };
		0417C35027BCFCE7006AB3B4 /* EditProfilePageViewController.swift */ = {isa = PBXFileReference; fileEncoding = 4; lastKnownFileType = sourcecode.swift; path = EditProfilePageViewController.swift; sourceTree = "<group>"; };
		0417C35227BD7738006AB3B4 /* SideMenuTableViewCell.xib */ = {isa = PBXFileReference; fileEncoding = 4; lastKnownFileType = file.xib; path = SideMenuTableViewCell.xib; sourceTree = "<group>"; };
		0417C35827BDA621006AB3B4 /* BookmarkModel.swift */ = {isa = PBXFileReference; fileEncoding = 4; lastKnownFileType = sourcecode.swift; path = BookmarkModel.swift; sourceTree = "<group>"; };
		049D60D827B8059E00DB35F1 /* LoginViewController.swift */ = {isa = PBXFileReference; fileEncoding = 4; lastKnownFileType = sourcecode.swift; name = LoginViewController.swift; path = DecaNews/View/LoginViewController/Controller/LoginViewController.swift; sourceTree = SOURCE_ROOT; };
		049D60DF27B8062800DB35F1 /* ArticleDirectory.swift */ = {isa = PBXFileReference; fileEncoding = 4; lastKnownFileType = sourcecode.swift; path = ArticleDirectory.swift; sourceTree = "<group>"; };
		049D60E127B8062800DB35F1 /* DashboardViewController.swift */ = {isa = PBXFileReference; fileEncoding = 4; lastKnownFileType = sourcecode.swift; path = DashboardViewController.swift; sourceTree = "<group>"; };
		049D60E227B8062800DB35F1 /* LatestNewsViewController.swift */ = {isa = PBXFileReference; fileEncoding = 4; lastKnownFileType = sourcecode.swift; path = LatestNewsViewController.swift; sourceTree = "<group>"; };
		049D60E327B8062800DB35F1 /* DashboardCollectionViewController.swift */ = {isa = PBXFileReference; fileEncoding = 4; lastKnownFileType = sourcecode.swift; path = DashboardCollectionViewController.swift; sourceTree = "<group>"; };
		049D60E427B8062800DB35F1 /* DashboardTableViewController.swift */ = {isa = PBXFileReference; fileEncoding = 4; lastKnownFileType = sourcecode.swift; path = DashboardTableViewController.swift; sourceTree = "<group>"; };
		049D60E627B8062800DB35F1 /* NewsModel.swift */ = {isa = PBXFileReference; fileEncoding = 4; lastKnownFileType = sourcecode.swift; path = NewsModel.swift; sourceTree = "<group>"; };
		049D60E827B8062800DB35F1 /* LatestNewsTableViewCell.swift */ = {isa = PBXFileReference; fileEncoding = 4; lastKnownFileType = sourcecode.swift; path = LatestNewsTableViewCell.swift; sourceTree = "<group>"; };
		049D60E927B8062800DB35F1 /* DashboardTableViewCell.swift */ = {isa = PBXFileReference; fileEncoding = 4; lastKnownFileType = sourcecode.swift; path = DashboardTableViewCell.swift; sourceTree = "<group>"; };
		049D60EA27B8062800DB35F1 /* DashboardCollectionViewCell.swift */ = {isa = PBXFileReference; fileEncoding = 4; lastKnownFileType = sourcecode.swift; path = DashboardCollectionViewCell.swift; sourceTree = "<group>"; };
		049D60EC27B8062800DB35F1 /* NetworkCall.swift */ = {isa = PBXFileReference; fileEncoding = 4; lastKnownFileType = sourcecode.swift; path = NetworkCall.swift; sourceTree = "<group>"; };
		049D60F927B8063D00DB35F1 /* MenuTableViewController.swift */ = {isa = PBXFileReference; fileEncoding = 4; lastKnownFileType = sourcecode.swift; path = MenuTableViewController.swift; sourceTree = "<group>"; };
		049D60FB27B8063D00DB35F1 /* SideMenuTableViewCell.swift */ = {isa = PBXFileReference; fileEncoding = 4; lastKnownFileType = sourcecode.swift; path = SideMenuTableViewCell.swift; sourceTree = "<group>"; };
		049D610227B80C8E00DB35F1 /* DetailsViewController.swift */ = {isa = PBXFileReference; fileEncoding = 4; lastKnownFileType = sourcecode.swift; path = DetailsViewController.swift; sourceTree = "<group>"; };
		049D610427B88BBB00DB35F1 /* Dashboard.storyboard */ = {isa = PBXFileReference; fileEncoding = 4; lastKnownFileType = file.storyboard; path = Dashboard.storyboard; sourceTree = "<group>"; };
		049D610627B88BDC00DB35F1 /* NewsDetails.storyboard */ = {isa = PBXFileReference; fileEncoding = 4; lastKnownFileType = file.storyboard; path = NewsDetails.storyboard; sourceTree = "<group>"; };
		049D610827B88BFC00DB35F1 /* SideMenu.storyboard */ = {isa = PBXFileReference; fileEncoding = 4; lastKnownFileType = file.storyboard; path = SideMenu.storyboard; sourceTree = "<group>"; };
		049D610A27B891E900DB35F1 /* Info.plist */ = {isa = PBXFileReference; fileEncoding = 4; lastKnownFileType = text.plist.xml; path = Info.plist; sourceTree = "<group>"; };
		049D610C27B8962200DB35F1 /* Pods-DecaNews-frameworks.sh */ = {isa = PBXFileReference; fileEncoding = 4; lastKnownFileType = text.script.sh; name = "Pods-DecaNews-frameworks.sh"; path = "Pods/Target Support Files/Pods-DecaNews/Pods-DecaNews-frameworks.sh"; sourceTree = "<group>"; };
		049D610E27B89A0900DB35F1 /* DetailsSettingsView.swift */ = {isa = PBXFileReference; fileEncoding = 4; lastKnownFileType = sourcecode.swift; path = DetailsSettingsView.swift; sourceTree = "<group>"; };
		049D611027B89A1400DB35F1 /* SettingsBackgroundUIView.swift */ = {isa = PBXFileReference; fileEncoding = 4; lastKnownFileType = sourcecode.swift; path = SettingsBackgroundUIView.swift; sourceTree = "<group>"; };
		049D611227B89B3D00DB35F1 /* UIView+Extension.swift */ = {isa = PBXFileReference; fileEncoding = 4; lastKnownFileType = sourcecode.swift; path = "UIView+Extension.swift"; sourceTree = "<group>"; };
		04BC5A93279573CB00327E68 /* GoogleService-Info.plist */ = {isa = PBXFileReference; fileEncoding = 4; lastKnownFileType = text.plist.xml; path = "GoogleService-Info.plist"; sourceTree = "<group>"; };
		04F2AA6427931F0A00D4C062 /* DecaNews.app */ = {isa = PBXFileReference; explicitFileType = wrapper.application; includeInIndex = 0; path = DecaNews.app; sourceTree = BUILT_PRODUCTS_DIR; };
		04F2AA6727931F0A00D4C062 /* AppDelegate.swift */ = {isa = PBXFileReference; lastKnownFileType = sourcecode.swift; path = AppDelegate.swift; sourceTree = "<group>"; };
		04F2AA6927931F0A00D4C062 /* SceneDelegate.swift */ = {isa = PBXFileReference; lastKnownFileType = sourcecode.swift; path = SceneDelegate.swift; sourceTree = "<group>"; };
		04F2AA7027931F0E00D4C062 /* Assets.xcassets */ = {isa = PBXFileReference; lastKnownFileType = folder.assetcatalog; path = Assets.xcassets; sourceTree = "<group>"; };
		04F2AA7327931F0E00D4C062 /* Base */ = {isa = PBXFileReference; lastKnownFileType = file.storyboard; name = Base; path = Base.lproj/LaunchScreen.storyboard; sourceTree = "<group>"; };
		04F2AA8627943F6000D4C062 /* Model.swift */ = {isa = PBXFileReference; lastKnownFileType = sourcecode.swift; path = Model.swift; sourceTree = "<group>"; };
		9410301327A9404700411376 /* EmailSignUpViewController.swift */ = {isa = PBXFileReference; fileEncoding = 4; lastKnownFileType = sourcecode.swift; path = EmailSignUpViewController.swift; sourceTree = "<group>"; };
		9410301427A9404700411376 /* PasswordResetViewController.swift */ = {isa = PBXFileReference; fileEncoding = 4; lastKnownFileType = sourcecode.swift; path = PasswordResetViewController.swift; sourceTree = "<group>"; };
		9410301527A9404700411376 /* SelectedTopicsViewController.swift */ = {isa = PBXFileReference; fileEncoding = 4; lastKnownFileType = sourcecode.swift; path = SelectedTopicsViewController.swift; sourceTree = "<group>"; };
		9410301B27A9407400411376 /* FirebaseService.swift */ = {isa = PBXFileReference; lastKnownFileType = sourcecode.swift; path = FirebaseService.swift; sourceTree = "<group>"; };
		9410301F27A9409F00411376 /* String+Extension.swift */ = {isa = PBXFileReference; fileEncoding = 4; lastKnownFileType = sourcecode.swift; path = "String+Extension.swift"; sourceTree = "<group>"; };
		94A2C96927BADB600048F37C /* OnboardingCoordinator.swift */ = {isa = PBXFileReference; lastKnownFileType = sourcecode.swift; path = OnboardingCoordinator.swift; sourceTree = "<group>"; };
		94A2C96B27BADFF00048F37C /* DecaNews.entitlements */ = {isa = PBXFileReference; lastKnownFileType = text.plist.entitlements; path = DecaNews.entitlements; sourceTree = "<group>"; };
		94A2C96C27BAE85D0048F37C /* AuthCoordinator.swift */ = {isa = PBXFileReference; lastKnownFileType = sourcecode.swift; path = AuthCoordinator.swift; sourceTree = "<group>"; };
		94A2C96E27BAEDEF0048F37C /* MainAppCoordinator.swift */ = {isa = PBXFileReference; lastKnownFileType = sourcecode.swift; path = MainAppCoordinator.swift; sourceTree = "<group>"; };
		95DBAE4292CDB92944ECD0C5 /* Pods_DecaNews.framework */ = {isa = PBXFileReference; explicitFileType = wrapper.framework; includeInIndex = 0; path = Pods_DecaNews.framework; sourceTree = BUILT_PRODUCTS_DIR; };
		B41C322327A99A4A00A173A3 /* LoginScreen.storyboard */ = {isa = PBXFileReference; lastKnownFileType = file.storyboard; path = LoginScreen.storyboard; sourceTree = "<group>"; };
		B4249F4827B5BB8D002C5E01 /* Persistence.swift */ = {isa = PBXFileReference; lastKnownFileType = sourcecode.swift; path = Persistence.swift; sourceTree = "<group>"; };
		B4249F5427B67050002C5E01 /* MenuDelegate.swift */ = {isa = PBXFileReference; fileEncoding = 4; lastKnownFileType = sourcecode.swift; path = MenuDelegate.swift; sourceTree = "<group>"; };
		B4249F5627B67144002C5E01 /* NewsPersistenceModel.swift */ = {isa = PBXFileReference; lastKnownFileType = sourcecode.swift; path = NewsPersistenceModel.swift; sourceTree = "<group>"; };
		B45C373827ADB9AB009995B7 /* ServicesViewModel.swift */ = {isa = PBXFileReference; fileEncoding = 4; lastKnownFileType = sourcecode.swift; path = ServicesViewModel.swift; sourceTree = "<group>"; };
		B45C373927ADB9AB009995B7 /* ResetPasswordViewModel.swift */ = {isa = PBXFileReference; fileEncoding = 4; lastKnownFileType = sourcecode.swift; path = ResetPasswordViewModel.swift; sourceTree = "<group>"; };
		B45C373C27ADB9DC009995B7 /* EmailLogin.storyboard */ = {isa = PBXFileReference; fileEncoding = 4; lastKnownFileType = file.storyboard; path = EmailLogin.storyboard; sourceTree = "<group>"; };
		B45C373D27ADB9DD009995B7 /* password_reset.storyboard */ = {isa = PBXFileReference; fileEncoding = 4; lastKnownFileType = file.storyboard; path = password_reset.storyboard; sourceTree = "<group>"; };
		B45C374027ADBB0A009995B7 /* User.swift */ = {isa = PBXFileReference; fileEncoding = 4; lastKnownFileType = sourcecode.swift; path = User.swift; sourceTree = "<group>"; };
		B4655A1527A289DA0012E4CD /* EmailSignin.storyboard */ = {isa = PBXFileReference; lastKnownFileType = file.storyboard; path = EmailSignin.storyboard; sourceTree = "<group>"; };
		B46C8EC9279BF29800C1A903 /* OnboardingCollectionViewCell.swift */ = {isa = PBXFileReference; lastKnownFileType = sourcecode.swift; path = OnboardingCollectionViewCell.swift; sourceTree = SOURCE_ROOT; };
		B46C8ECB279C650400C1A903 /* IndicatorLabel.swift */ = {isa = PBXFileReference; lastKnownFileType = sourcecode.swift; path = IndicatorLabel.swift; sourceTree = "<group>"; };
		B47E589B27948C0100D70341 /* Coordinator.swift */ = {isa = PBXFileReference; lastKnownFileType = sourcecode.swift; path = Coordinator.swift; sourceTree = "<group>"; };
		B47E589D27948C1D00D70341 /* AppCoordinator.swift */ = {isa = PBXFileReference; lastKnownFileType = sourcecode.swift; path = AppCoordinator.swift; sourceTree = "<group>"; };
		B4851E7527A525C2005F4399 /* EmailSiginInViewController.swift */ = {isa = PBXFileReference; lastKnownFileType = sourcecode.swift; name = EmailSiginInViewController.swift; path = DecaNews/Resources/EmailSiginInViewController.swift; sourceTree = SOURCE_ROOT; };
		B48F2A1327B3A47F00BDC8D4 /* Bookmarks.storyboard */ = {isa = PBXFileReference; lastKnownFileType = file.storyboard; path = Bookmarks.storyboard; sourceTree = "<group>"; };
		B48F2A1527B3A9E900BDC8D4 /* BookmarksViewController.swift */ = {isa = PBXFileReference; lastKnownFileType = sourcecode.swift; path = BookmarksViewController.swift; sourceTree = "<group>"; };
		B48F2A1727B3AA3A00BDC8D4 /* NewsTableViewCell.swift */ = {isa = PBXFileReference; lastKnownFileType = sourcecode.swift; path = NewsTableViewCell.swift; sourceTree = "<group>"; };
		B48F2A1827B3AA3A00BDC8D4 /* BookmarksTableViewCell.xib */ = {isa = PBXFileReference; lastKnownFileType = file.xib; path = BookmarksTableViewCell.xib; sourceTree = "<group>"; };
		B48F2A1B27B4148300BDC8D4 /* BookmarksViewModel.swift */ = {isa = PBXFileReference; lastKnownFileType = sourcecode.swift; name = BookmarksViewModel.swift; path = "DecaNews/View-Model/BookmarksViewModel.swift"; sourceTree = SOURCE_ROOT; };
		B49DCD412797DE6E005E9A04 /* onboarding.storyboard */ = {isa = PBXFileReference; lastKnownFileType = file.storyboard; path = onboarding.storyboard; sourceTree = "<group>"; };
		B49DCD432797F082005E9A04 /* OnboardingViewController.swift */ = {isa = PBXFileReference; lastKnownFileType = sourcecode.swift; name = OnboardingViewController.swift; path = DecaNews/View/OnboardingViewController.swift; sourceTree = SOURCE_ROOT; };
		B49DCD452797F680005E9A04 /* OnboardingViewModel.swift */ = {isa = PBXFileReference; lastKnownFileType = sourcecode.swift; path = OnboardingViewModel.swift; sourceTree = "<group>"; };
		B4CBBBD127ADB3EB00A9647F /* ResetLinkViewController.swift */ = {isa = PBXFileReference; fileEncoding = 4; lastKnownFileType = sourcecode.swift; path = ResetLinkViewController.swift; sourceTree = "<group>"; };
		DEEC4D653BCBAE32C2DF21E1 /* Pods-DecaNews.debug.xcconfig */ = {isa = PBXFileReference; includeInIndex = 1; lastKnownFileType = text.xcconfig; name = "Pods-DecaNews.debug.xcconfig"; path = "Target Support Files/Pods-DecaNews/Pods-DecaNews.debug.xcconfig"; sourceTree = "<group>"; };
		F661D99E3E7415444CF3FC96 /* Pods-DecaNews.release.xcconfig */ = {isa = PBXFileReference; includeInIndex = 1; lastKnownFileType = text.xcconfig; name = "Pods-DecaNews.release.xcconfig"; path = "Target Support Files/Pods-DecaNews/Pods-DecaNews.release.xcconfig"; sourceTree = "<group>"; };
/* End PBXFileReference section */

/* Begin PBXFrameworksBuildPhase section */
		04F2AA6127931F0A00D4C062 /* Frameworks */ = {
			isa = PBXFrameworksBuildPhase;
			buildActionMask = 2147483647;
			files = (
				04BC5A9B2796B1B900327E68 /* FirebaseFirestore in Frameworks */,
				04BC5A9D2796B1B900327E68 /* FirebaseMessaging in Frameworks */,
				B4249F4B27B64E24002C5E01 /* FirebaseFirestoreSwift-Beta in Frameworks */,
				04BC5A972796B1B900327E68 /* FirebaseAuth in Frameworks */,
				04BC5A992796B1B900327E68 /* FirebaseDynamicLinks in Frameworks */,
				04BC5A9F2796B1B900327E68 /* FirebaseStorage in Frameworks */,
				BB261B904D2D6A570476C503 /* Pods_DecaNews.framework in Frameworks */,
			);
			runOnlyForDeploymentPostprocessing = 0;
		};
/* End PBXFrameworksBuildPhase section */

/* Begin PBXGroup section */
		0417C34527BCEB29006AB3B4 /* Profile */ = {
			isa = PBXGroup;
			children = (
				0417C34727BCEB55006AB3B4 /* View */,
				0417C34627BCEB3B006AB3B4 /* Controller */,
			);
			path = Profile;
			sourceTree = "<group>";
		};
		0417C34627BCEB3B006AB3B4 /* Controller */ = {
			isa = PBXGroup;
			children = (
				0417C34A27BCF1D7006AB3B4 /* ProfileViewController.swift */,
			);
			path = Controller;
			sourceTree = "<group>";
		};
		0417C34727BCEB55006AB3B4 /* View */ = {
			isa = PBXGroup;
			children = (
				0417C34C27BCF223006AB3B4 /* ProfileTableViewCell.swift */,
			);
			path = View;
			sourceTree = "<group>";
		};
		049D60DC27B8062800DB35F1 /* Dashboard */ = {
			isa = PBXGroup;
			children = (
				049D60DD27B8062800DB35F1 /* ViewModel */,
				049D60E027B8062800DB35F1 /* Controller */,
				049D60E527B8062800DB35F1 /* Model */,
				049D60E727B8062800DB35F1 /* View */,
				049D60EB27B8062800DB35F1 /* service */,
			);
			path = Dashboard;
			sourceTree = "<group>";
		};
		049D60DD27B8062800DB35F1 /* ViewModel */ = {
			isa = PBXGroup;
			children = (
				049D60DF27B8062800DB35F1 /* ArticleDirectory.swift */,
			);
			path = ViewModel;
			sourceTree = "<group>";
		};
		049D60E027B8062800DB35F1 /* Controller */ = {
			isa = PBXGroup;
			children = (
				049D60E127B8062800DB35F1 /* DashboardViewController.swift */,
				049D60E227B8062800DB35F1 /* LatestNewsViewController.swift */,
				049D60E327B8062800DB35F1 /* DashboardCollectionViewController.swift */,
				049D60E427B8062800DB35F1 /* DashboardTableViewController.swift */,
			);
			path = Controller;
			sourceTree = "<group>";
		};
		049D60E527B8062800DB35F1 /* Model */ = {
			isa = PBXGroup;
			children = (
				0417C35827BDA621006AB3B4 /* BookmarkModel.swift */,
				049D60E627B8062800DB35F1 /* NewsModel.swift */,
			);
			path = Model;
			sourceTree = "<group>";
		};
		049D60E727B8062800DB35F1 /* View */ = {
			isa = PBXGroup;
			children = (
				049D60E827B8062800DB35F1 /* LatestNewsTableViewCell.swift */,
				049D60E927B8062800DB35F1 /* DashboardTableViewCell.swift */,
				049D60EA27B8062800DB35F1 /* DashboardCollectionViewCell.swift */,
			);
			path = View;
			sourceTree = "<group>";
		};
		049D60EB27B8062800DB35F1 /* service */ = {
			isa = PBXGroup;
			children = (
				049D60EC27B8062800DB35F1 /* NetworkCall.swift */,
			);
			path = service;
			sourceTree = "<group>";
		};
		049D60F827B8063D00DB35F1 /* SideMenuProfile */ = {
			isa = PBXGroup;
			children = (
				049D60F927B8063D00DB35F1 /* MenuTableViewController.swift */,
				049D60FB27B8063D00DB35F1 /* SideMenuTableViewCell.swift */,
				0417C35227BD7738006AB3B4 /* SideMenuTableViewCell.xib */,
			);
			path = SideMenuProfile;
			sourceTree = "<group>";
		};
		049D610127B80C8E00DB35F1 /* DetailsViewController */ = {
			isa = PBXGroup;
			children = (
				049D610227B80C8E00DB35F1 /* DetailsViewController.swift */,
			);
			path = DetailsViewController;
			sourceTree = "<group>";
		};
		04F2AA5B27931F0A00D4C062 = {
			isa = PBXGroup;
			children = (
				04F2AA6627931F0A00D4C062 /* DecaNews */,
				04F2AA6527931F0A00D4C062 /* Products */,
				2120C6C26FC59197AAEBA3EE /* Pods */,
				46C31157455E23CE66ABA9BD /* Frameworks */,
			);
			sourceTree = "<group>";
		};
		04F2AA6527931F0A00D4C062 /* Products */ = {
			isa = PBXGroup;
			children = (
				04F2AA6427931F0A00D4C062 /* DecaNews.app */,
			);
			name = Products;
			sourceTree = "<group>";
		};
		04F2AA6627931F0A00D4C062 /* DecaNews */ = {
			isa = PBXGroup;
			children = (
				94A2C96B27BADFF00048F37C /* DecaNews.entitlements */,
				04F2AA7B27931F2000D4C062 /* App */,
				9410301E27A9409F00411376 /* Extension */,
				9410301D27A9408000411376 /* Service */,
				B47E589A27948BD800D70341 /* Coordinator */,
				04F2AA8527943F5000D4C062 /* Model */,
				04F2AA7C27931F3100D4C062 /* View */,
				04F2AA8927943F7E00D4C062 /* View-Model */,
				04F2AA7D27931F4100D4C062 /* Resources */,
				04BC5A93279573CB00327E68 /* GoogleService-Info.plist */,
				049D610A27B891E900DB35F1 /* Info.plist */,
			);
			path = DecaNews;
			sourceTree = "<group>";
		};
		04F2AA7B27931F2000D4C062 /* App */ = {
			isa = PBXGroup;
			children = (
				0417C34527BCEB29006AB3B4 /* Profile */,
				04F2AA6727931F0A00D4C062 /* AppDelegate.swift */,
				04F2AA6927931F0A00D4C062 /* SceneDelegate.swift */,
				049D60F827B8063D00DB35F1 /* SideMenuProfile */,
				049D60DC27B8062800DB35F1 /* Dashboard */,
			);
			path = App;
			sourceTree = "<group>";
		};
		04F2AA7C27931F3100D4C062 /* View */ = {
			isa = PBXGroup;
			children = (
				0417C35027BCFCE7006AB3B4 /* EditProfilePageViewController.swift */,
				049D611027B89A1400DB35F1 /* SettingsBackgroundUIView.swift */,
				049D610E27B89A0900DB35F1 /* DetailsSettingsView.swift */,
				049D610127B80C8E00DB35F1 /* DetailsViewController */,
				B4CBBBD127ADB3EB00A9647F /* ResetLinkViewController.swift */,
				B41C322027A999B500A173A3 /* LoginViewController */,
				B4851E7527A525C2005F4399 /* EmailSiginInViewController.swift */,
				B46C8EC9279BF29800C1A903 /* OnboardingCollectionViewCell.swift */,
				9410301327A9404700411376 /* EmailSignUpViewController.swift */,
				9410301427A9404700411376 /* PasswordResetViewController.swift */,
				9410301527A9404700411376 /* SelectedTopicsViewController.swift */,
				B49DCD432797F082005E9A04 /* OnboardingViewController.swift */,
				B48F2A1527B3A9E900BDC8D4 /* BookmarksViewController.swift */,
				B48F2A1727B3AA3A00BDC8D4 /* NewsTableViewCell.swift */,
				B48F2A1B27B4148300BDC8D4 /* BookmarksViewModel.swift */,
				B4249F4827B5BB8D002C5E01 /* Persistence.swift */,
			);
			path = View;
			sourceTree = "<group>";
		};
		04F2AA7D27931F4100D4C062 /* Resources */ = {
			isa = PBXGroup;
			children = (
				0417C34E27BCFCAA006AB3B4 /* editProfilePage.storyboard */,
				049D610827B88BFC00DB35F1 /* SideMenu.storyboard */,
				049D610627B88BDC00DB35F1 /* NewsDetails.storyboard */,
				049D610427B88BBB00DB35F1 /* Dashboard.storyboard */,
				B45C373C27ADB9DC009995B7 /* EmailLogin.storyboard */,
				B48F2A1827B3AA3A00BDC8D4 /* BookmarksTableViewCell.xib */,
				B45C373D27ADB9DD009995B7 /* password_reset.storyboard */,
				04F2AA7027931F0E00D4C062 /* Assets.xcassets */,
				04F2AA7227931F0E00D4C062 /* LaunchScreen.storyboard */,
				B49DCD412797DE6E005E9A04 /* onboarding.storyboard */,
				B41C322327A99A4A00A173A3 /* LoginScreen.storyboard */,
				B4655A1527A289DA0012E4CD /* EmailSignin.storyboard */,
				B48F2A1327B3A47F00BDC8D4 /* Bookmarks.storyboard */,
				B46C8ECB279C650400C1A903 /* IndicatorLabel.swift */,
				0417C34827BCEB7F006AB3B4 /* Profile.storyboard */,
			);
			path = Resources;
			sourceTree = "<group>";
		};
		04F2AA8527943F5000D4C062 /* Model */ = {
			isa = PBXGroup;
			children = (
				B45C374027ADBB0A009995B7 /* User.swift */,
				04F2AA8627943F6000D4C062 /* Model.swift */,
				B4249F5627B67144002C5E01 /* NewsPersistenceModel.swift */,
			);
			path = Model;
			sourceTree = "<group>";
		};
		04F2AA8927943F7E00D4C062 /* View-Model */ = {
			isa = PBXGroup;
			children = (
				B45C373927ADB9AB009995B7 /* ResetPasswordViewModel.swift */,
				B45C373827ADB9AB009995B7 /* ServicesViewModel.swift */,
				B49DCD452797F680005E9A04 /* OnboardingViewModel.swift */,
			);
			path = "View-Model";
			sourceTree = "<group>";
		};
		2120C6C26FC59197AAEBA3EE /* Pods */ = {
			isa = PBXGroup;
			children = (
				DEEC4D653BCBAE32C2DF21E1 /* Pods-DecaNews.debug.xcconfig */,
				F661D99E3E7415444CF3FC96 /* Pods-DecaNews.release.xcconfig */,
			);
			path = Pods;
			sourceTree = "<group>";
		};
		46C31157455E23CE66ABA9BD /* Frameworks */ = {
			isa = PBXGroup;
			children = (
				049D610C27B8962200DB35F1 /* Pods-DecaNews-frameworks.sh */,
				95DBAE4292CDB92944ECD0C5 /* Pods_DecaNews.framework */,
			);
			name = Frameworks;
			sourceTree = "<group>";
		};
		9410301D27A9408000411376 /* Service */ = {
			isa = PBXGroup;
			children = (
				B4249F5427B67050002C5E01 /* MenuDelegate.swift */,
				9410301B27A9407400411376 /* FirebaseService.swift */,
			);
			path = Service;
			sourceTree = "<group>";
		};
		9410301E27A9409F00411376 /* Extension */ = {
			isa = PBXGroup;
			children = (
				049D611227B89B3D00DB35F1 /* UIView+Extension.swift */,
				9410301F27A9409F00411376 /* String+Extension.swift */,
			);
			name = Extension;
			path = DecaNews/Extension;
			sourceTree = SOURCE_ROOT;
		};
		B41C322027A999B500A173A3 /* LoginViewController */ = {
			isa = PBXGroup;
			children = (
				B41C322A27AAC40B00A173A3 /* Controller */,
			);
			path = LoginViewController;
			sourceTree = "<group>";
		};
		B41C322A27AAC40B00A173A3 /* Controller */ = {
			isa = PBXGroup;
			children = (
				049D60D827B8059E00DB35F1 /* LoginViewController.swift */,
			);
			path = Controller;
			sourceTree = "<group>";
		};
		B47E589A27948BD800D70341 /* Coordinator */ = {
			isa = PBXGroup;
			children = (
				B47E589B27948C0100D70341 /* Coordinator.swift */,
				B47E589D27948C1D00D70341 /* AppCoordinator.swift */,
				94A2C96C27BAE85D0048F37C /* AuthCoordinator.swift */,
				94A2C96E27BAEDEF0048F37C /* MainAppCoordinator.swift */,
				94A2C96927BADB600048F37C /* OnboardingCoordinator.swift */,
			);
			path = Coordinator;
			sourceTree = "<group>";
		};
/* End PBXGroup section */

/* Begin PBXNativeTarget section */
		04F2AA6327931F0A00D4C062 /* DecaNews */ = {
			isa = PBXNativeTarget;
			buildConfigurationList = 04F2AA7827931F0E00D4C062 /* Build configuration list for PBXNativeTarget "DecaNews" */;
			buildPhases = (
				9110C3030D94A78F30481C32 /* [CP] Check Pods Manifest.lock */,
				04F2AA80279322AC00D4C062 /* Swift Lint + Run Script */,
				04F2AA6027931F0A00D4C062 /* Sources */,
				04F2AA6127931F0A00D4C062 /* Frameworks */,
				04F2AA6227931F0A00D4C062 /* Resources */,
				36C3000C61626AA7C2AF0E88 /* [CP] Embed Pods Frameworks */,
				17EFE8BAE8E1C84E3418B3F9 /* [CP] Copy Pods Resources */,
			);
			buildRules = (
			);
			dependencies = (
			);
			name = DecaNews;
			packageProductDependencies = (
				04BC5A962796B1B900327E68 /* FirebaseAuth */,
				04BC5A982796B1B900327E68 /* FirebaseDynamicLinks */,
				04BC5A9A2796B1B900327E68 /* FirebaseFirestore */,
				04BC5A9C2796B1B900327E68 /* FirebaseMessaging */,
				04BC5A9E2796B1B900327E68 /* FirebaseStorage */,
				B4249F4A27B64E24002C5E01 /* FirebaseFirestoreSwift-Beta */,
			);
			productName = DecaNews;
			productReference = 04F2AA6427931F0A00D4C062 /* DecaNews.app */;
			productType = "com.apple.product-type.application";
		};
/* End PBXNativeTarget section */

/* Begin PBXProject section */
		04F2AA5C27931F0A00D4C062 /* Project object */ = {
			isa = PBXProject;
			attributes = {
				BuildIndependentTargetsInParallel = 1;
				LastSwiftUpdateCheck = 1310;
				LastUpgradeCheck = 1310;
				TargetAttributes = {
					04F2AA6327931F0A00D4C062 = {
						CreatedOnToolsVersion = 13.1;
					};
				};
			};
			buildConfigurationList = 04F2AA5F27931F0A00D4C062 /* Build configuration list for PBXProject "DecaNews" */;
			compatibilityVersion = "Xcode 13.0";
			developmentRegion = en;
			hasScannedForEncodings = 0;
			knownRegions = (
				en,
				Base,
			);
			mainGroup = 04F2AA5B27931F0A00D4C062;
			packageReferences = (
				04BC5A952796B1B900327E68 /* XCRemoteSwiftPackageReference "firebase-ios-sdk" */,
			);
			productRefGroup = 04F2AA6527931F0A00D4C062 /* Products */;
			projectDirPath = "";
			projectRoot = "";
			targets = (
				04F2AA6327931F0A00D4C062 /* DecaNews */,
			);
		};
/* End PBXProject section */

/* Begin PBXResourcesBuildPhase section */
		04F2AA6227931F0A00D4C062 /* Resources */ = {
			isa = PBXResourcesBuildPhase;
			buildActionMask = 2147483647;
			files = (
				04F2AA7427931F0E00D4C062 /* LaunchScreen.storyboard in Resources */,
				0417C35327BD7738006AB3B4 /* SideMenuTableViewCell.xib in Resources */,
				B4655A1627A289DA0012E4CD /* EmailSignin.storyboard in Resources */,
				049D611427B89CAB00DB35F1 /* GoogleService-Info.plist in Resources */,
				04F2AA7127931F0E00D4C062 /* Assets.xcassets in Resources */,
				B48F2A1427B3A47F00BDC8D4 /* Bookmarks.storyboard in Resources */,
				B49DCD422797DE6E005E9A04 /* onboarding.storyboard in Resources */,
				049D610927B88BFC00DB35F1 /* SideMenu.storyboard in Resources */,
				049D610727B88BDC00DB35F1 /* NewsDetails.storyboard in Resources */,
				B45C373E27ADB9DD009995B7 /* EmailLogin.storyboard in Resources */,
				0417C34927BCEB7F006AB3B4 /* Profile.storyboard in Resources */,
				049D610527B88BBC00DB35F1 /* Dashboard.storyboard in Resources */,
				B41C322427A99A4A00A173A3 /* LoginScreen.storyboard in Resources */,
				049D610D27B8962200DB35F1 /* Pods-DecaNews-frameworks.sh in Resources */,
				B48F2A1A27B3AA3A00BDC8D4 /* BookmarksTableViewCell.xib in Resources */,
				B45C373F27ADB9DD009995B7 /* password_reset.storyboard in Resources */,
				0417C34F27BCFCAA006AB3B4 /* editProfilePage.storyboard in Resources */,
			);
			runOnlyForDeploymentPostprocessing = 0;
		};
/* End PBXResourcesBuildPhase section */

/* Begin PBXShellScriptBuildPhase section */
		04F2AA80279322AC00D4C062 /* Swift Lint + Run Script */ = {
			isa = PBXShellScriptBuildPhase;
			buildActionMask = 2147483647;
			files = (
			);
			inputFileListPaths = (
			);
			inputPaths = (
			);
			name = "Swift Lint + Run Script";
			outputFileListPaths = (
			);
			outputPaths = (
			);
			runOnlyForDeploymentPostprocessing = 0;
			shellPath = /bin/sh;
			shellScript = "# Type a script or drag a script file from your workspace to insert its path.\nif which swiftlint >/dev/null; then\n  swiftlint\nelse\n  echo \"warning: SwiftLint not installed, download from https://github.com/realm/SwiftLint\"\nfi\n";
		};
		17EFE8BAE8E1C84E3418B3F9 /* [CP] Copy Pods Resources */ = {
			isa = PBXShellScriptBuildPhase;
			buildActionMask = 2147483647;
			files = (
			);
			inputFileListPaths = (
				"${PODS_ROOT}/Target Support Files/Pods-DecaNews/Pods-DecaNews-resources-${CONFIGURATION}-input-files.xcfilelist",
			);
			name = "[CP] Copy Pods Resources";
			outputFileListPaths = (
				"${PODS_ROOT}/Target Support Files/Pods-DecaNews/Pods-DecaNews-resources-${CONFIGURATION}-output-files.xcfilelist",
			);
			runOnlyForDeploymentPostprocessing = 0;
			shellPath = /bin/sh;
			shellScript = "\"${PODS_ROOT}/Target Support Files/Pods-DecaNews/Pods-DecaNews-resources.sh\"\n";
			showEnvVarsInLog = 0;
		};
		36C3000C61626AA7C2AF0E88 /* [CP] Embed Pods Frameworks */ = {
			isa = PBXShellScriptBuildPhase;
			buildActionMask = 2147483647;
			files = (
			);
			inputFileListPaths = (
				"${PODS_ROOT}/Target Support Files/Pods-DecaNews/Pods-DecaNews-frameworks-${CONFIGURATION}-input-files.xcfilelist",
			);
			name = "[CP] Embed Pods Frameworks";
			outputFileListPaths = (
				"${PODS_ROOT}/Target Support Files/Pods-DecaNews/Pods-DecaNews-frameworks-${CONFIGURATION}-output-files.xcfilelist",
			);
			runOnlyForDeploymentPostprocessing = 0;
			shellPath = /bin/sh;
			shellScript = "\"${PODS_ROOT}/Target Support Files/Pods-DecaNews/Pods-DecaNews-frameworks.sh\"\n";
			showEnvVarsInLog = 0;
		};
		9110C3030D94A78F30481C32 /* [CP] Check Pods Manifest.lock */ = {
			isa = PBXShellScriptBuildPhase;
			buildActionMask = 2147483647;
			files = (
			);
			inputFileListPaths = (
			);
			inputPaths = (
				"${PODS_PODFILE_DIR_PATH}/Podfile.lock",
				"${PODS_ROOT}/Manifest.lock",
			);
			name = "[CP] Check Pods Manifest.lock";
			outputFileListPaths = (
			);
			outputPaths = (
				"$(DERIVED_FILE_DIR)/Pods-DecaNews-checkManifestLockResult.txt",
			);
			runOnlyForDeploymentPostprocessing = 0;
			shellPath = /bin/sh;
			shellScript = "diff \"${PODS_PODFILE_DIR_PATH}/Podfile.lock\" \"${PODS_ROOT}/Manifest.lock\" > /dev/null\nif [ $? != 0 ] ; then\n    # print error to STDERR\n    echo \"error: The sandbox is not in sync with the Podfile.lock. Run 'pod install' or update your CocoaPods installation.\" >&2\n    exit 1\nfi\n# This output is used by Xcode 'outputs' to avoid re-running this script phase.\necho \"SUCCESS\" > \"${SCRIPT_OUTPUT_FILE_0}\"\n";
			showEnvVarsInLog = 0;
		};
/* End PBXShellScriptBuildPhase section */

/* Begin PBXSourcesBuildPhase section */
		04F2AA6027931F0A00D4C062 /* Sources */ = {
			isa = PBXSourcesBuildPhase;
			buildActionMask = 2147483647;
			files = (
				049D60D927B8059E00DB35F1 /* LoginViewController.swift in Sources */,
				94A2C96F27BAEDEF0048F37C /* MainAppCoordinator.swift in Sources */,
				9410302027A9409F00411376 /* String+Extension.swift in Sources */,
				049D60F027B8062800DB35F1 /* LatestNewsViewController.swift in Sources */,
				049D611327B89B3D00DB35F1 /* UIView+Extension.swift in Sources */,
				94A2C96A27BADB600048F37C /* OnboardingCoordinator.swift in Sources */,
				B4249F5727B67144002C5E01 /* NewsPersistenceModel.swift in Sources */,
				9410301C27A9407400411376 /* FirebaseService.swift in Sources */,
				0417C35927BDA622006AB3B4 /* BookmarkModel.swift in Sources */,
				0417C34B27BCF1D7006AB3B4 /* ProfileViewController.swift in Sources */,
				0417C34D27BCF223006AB3B4 /* ProfileTableViewCell.swift in Sources */,
				9410301627A9404700411376 /* EmailSignUpViewController.swift in Sources */,
				B46C8ECC279C650400C1A903 /* IndicatorLabel.swift in Sources */,
				B45C373A27ADB9AB009995B7 /* ServicesViewModel.swift in Sources */,
				B4CBBBD227ADB3EB00A9647F /* ResetLinkViewController.swift in Sources */,
				B48F2A1627B3A9E900BDC8D4 /* BookmarksViewController.swift in Sources */,
				049D60FD27B8063D00DB35F1 /* MenuTableViewController.swift in Sources */,
				B4249F4927B5BB8D002C5E01 /* Persistence.swift in Sources */,
				049D60FF27B8063D00DB35F1 /* SideMenuTableViewCell.swift in Sources */,
				049D60F527B8062800DB35F1 /* DashboardTableViewCell.swift in Sources */,
				9410301827A9404700411376 /* SelectedTopicsViewController.swift in Sources */,
				049D60F627B8062800DB35F1 /* DashboardCollectionViewCell.swift in Sources */,
				049D60F327B8062800DB35F1 /* NewsModel.swift in Sources */,
				B48F2A1C27B4148300BDC8D4 /* BookmarksViewModel.swift in Sources */,
				B47E589E27948C1D00D70341 /* AppCoordinator.swift in Sources */,
				049D60F727B8062800DB35F1 /* NetworkCall.swift in Sources */,
				B45C373B27ADB9AB009995B7 /* ResetPasswordViewModel.swift in Sources */,
				049D611127B89A1400DB35F1 /* SettingsBackgroundUIView.swift in Sources */,
				94A2C96D27BAE85D0048F37C /* AuthCoordinator.swift in Sources */,
				B48F2A1927B3AA3A00BDC8D4 /* NewsTableViewCell.swift in Sources */,
				0417C35127BCFCE7006AB3B4 /* EditProfilePageViewController.swift in Sources */,
				04F2AA8727943F6000D4C062 /* Model.swift in Sources */,
				B49DCD442797F082005E9A04 /* OnboardingViewController.swift in Sources */,
				049D610327B80C8E00DB35F1 /* DetailsViewController.swift in Sources */,
				B49DCD462797F680005E9A04 /* OnboardingViewModel.swift in Sources */,
				B4851E7627A525C2005F4399 /* EmailSiginInViewController.swift in Sources */,
				9410301727A9404700411376 /* PasswordResetViewController.swift in Sources */,
				B47E589C27948C0100D70341 /* Coordinator.swift in Sources */,
				049D610F27B89A0900DB35F1 /* DetailsSettingsView.swift in Sources */,
				049D60F227B8062800DB35F1 /* DashboardTableViewController.swift in Sources */,
				B46C8ECA279BF29800C1A903 /* OnboardingCollectionViewCell.swift in Sources */,
				049D60EF27B8062800DB35F1 /* DashboardViewController.swift in Sources */,
				049D60F427B8062800DB35F1 /* LatestNewsTableViewCell.swift in Sources */,
				049D60F127B8062800DB35F1 /* DashboardCollectionViewController.swift in Sources */,
				04F2AA6827931F0A00D4C062 /* AppDelegate.swift in Sources */,
				049D60EE27B8062800DB35F1 /* ArticleDirectory.swift in Sources */,
				04F2AA6A27931F0A00D4C062 /* SceneDelegate.swift in Sources */,
				B45C374127ADBB0A009995B7 /* User.swift in Sources */,
				B4249F5527B67050002C5E01 /* MenuDelegate.swift in Sources */,
			);
			runOnlyForDeploymentPostprocessing = 0;
		};
/* End PBXSourcesBuildPhase section */

/* Begin PBXVariantGroup section */
		04F2AA7227931F0E00D4C062 /* LaunchScreen.storyboard */ = {
			isa = PBXVariantGroup;
			children = (
				04F2AA7327931F0E00D4C062 /* Base */,
			);
			name = LaunchScreen.storyboard;
			sourceTree = "<group>";
		};
/* End PBXVariantGroup section */

/* Begin XCBuildConfiguration section */
		04F2AA7627931F0E00D4C062 /* Debug */ = {
			isa = XCBuildConfiguration;
			buildSettings = {
				ALWAYS_SEARCH_USER_PATHS = NO;
				CLANG_ANALYZER_NONNULL = YES;
				CLANG_ANALYZER_NUMBER_OBJECT_CONVERSION = YES_AGGRESSIVE;
				CLANG_CXX_LANGUAGE_STANDARD = "gnu++17";
				CLANG_CXX_LIBRARY = "libc++";
				CLANG_ENABLE_MODULES = YES;
				CLANG_ENABLE_OBJC_ARC = YES;
				CLANG_ENABLE_OBJC_WEAK = YES;
				CLANG_WARN_BLOCK_CAPTURE_AUTORELEASING = YES;
				CLANG_WARN_BOOL_CONVERSION = YES;
				CLANG_WARN_COMMA = YES;
				CLANG_WARN_CONSTANT_CONVERSION = YES;
				CLANG_WARN_DEPRECATED_OBJC_IMPLEMENTATIONS = YES;
				CLANG_WARN_DIRECT_OBJC_ISA_USAGE = YES_ERROR;
				CLANG_WARN_DOCUMENTATION_COMMENTS = YES;
				CLANG_WARN_EMPTY_BODY = YES;
				CLANG_WARN_ENUM_CONVERSION = YES;
				CLANG_WARN_INFINITE_RECURSION = YES;
				CLANG_WARN_INT_CONVERSION = YES;
				CLANG_WARN_NON_LITERAL_NULL_CONVERSION = YES;
				CLANG_WARN_OBJC_IMPLICIT_RETAIN_SELF = YES;
				CLANG_WARN_OBJC_LITERAL_CONVERSION = YES;
				CLANG_WARN_OBJC_ROOT_CLASS = YES_ERROR;
				CLANG_WARN_QUOTED_INCLUDE_IN_FRAMEWORK_HEADER = YES;
				CLANG_WARN_RANGE_LOOP_ANALYSIS = YES;
				CLANG_WARN_STRICT_PROTOTYPES = YES;
				CLANG_WARN_SUSPICIOUS_MOVE = YES;
				CLANG_WARN_UNGUARDED_AVAILABILITY = YES_AGGRESSIVE;
				CLANG_WARN_UNREACHABLE_CODE = YES;
				CLANG_WARN__DUPLICATE_METHOD_MATCH = YES;
				COPY_PHASE_STRIP = NO;
				DEBUG_INFORMATION_FORMAT = dwarf;
				ENABLE_STRICT_OBJC_MSGSEND = YES;
				ENABLE_TESTABILITY = YES;
				GCC_C_LANGUAGE_STANDARD = gnu11;
				GCC_DYNAMIC_NO_PIC = NO;
				GCC_NO_COMMON_BLOCKS = YES;
				GCC_OPTIMIZATION_LEVEL = 0;
				GCC_PREPROCESSOR_DEFINITIONS = (
					"DEBUG=1",
					"$(inherited)",
				);
				GCC_WARN_64_TO_32_BIT_CONVERSION = YES;
				GCC_WARN_ABOUT_RETURN_TYPE = YES_ERROR;
				GCC_WARN_UNDECLARED_SELECTOR = YES;
				GCC_WARN_UNINITIALIZED_AUTOS = YES_AGGRESSIVE;
				GCC_WARN_UNUSED_FUNCTION = YES;
				GCC_WARN_UNUSED_VARIABLE = YES;
				IPHONEOS_DEPLOYMENT_TARGET = 14.7;
				MTL_ENABLE_DEBUG_INFO = INCLUDE_SOURCE;
				MTL_FAST_MATH = YES;
				ONLY_ACTIVE_ARCH = YES;
				SDKROOT = iphoneos;
				SWIFT_ACTIVE_COMPILATION_CONDITIONS = DEBUG;
				SWIFT_OPTIMIZATION_LEVEL = "-Onone";
			};
			name = Debug;
		};
		04F2AA7727931F0E00D4C062 /* Release */ = {
			isa = XCBuildConfiguration;
			buildSettings = {
				ALWAYS_SEARCH_USER_PATHS = NO;
				CLANG_ANALYZER_NONNULL = YES;
				CLANG_ANALYZER_NUMBER_OBJECT_CONVERSION = YES_AGGRESSIVE;
				CLANG_CXX_LANGUAGE_STANDARD = "gnu++17";
				CLANG_CXX_LIBRARY = "libc++";
				CLANG_ENABLE_MODULES = YES;
				CLANG_ENABLE_OBJC_ARC = YES;
				CLANG_ENABLE_OBJC_WEAK = YES;
				CLANG_WARN_BLOCK_CAPTURE_AUTORELEASING = YES;
				CLANG_WARN_BOOL_CONVERSION = YES;
				CLANG_WARN_COMMA = YES;
				CLANG_WARN_CONSTANT_CONVERSION = YES;
				CLANG_WARN_DEPRECATED_OBJC_IMPLEMENTATIONS = YES;
				CLANG_WARN_DIRECT_OBJC_ISA_USAGE = YES_ERROR;
				CLANG_WARN_DOCUMENTATION_COMMENTS = YES;
				CLANG_WARN_EMPTY_BODY = YES;
				CLANG_WARN_ENUM_CONVERSION = YES;
				CLANG_WARN_INFINITE_RECURSION = YES;
				CLANG_WARN_INT_CONVERSION = YES;
				CLANG_WARN_NON_LITERAL_NULL_CONVERSION = YES;
				CLANG_WARN_OBJC_IMPLICIT_RETAIN_SELF = YES;
				CLANG_WARN_OBJC_LITERAL_CONVERSION = YES;
				CLANG_WARN_OBJC_ROOT_CLASS = YES_ERROR;
				CLANG_WARN_QUOTED_INCLUDE_IN_FRAMEWORK_HEADER = YES;
				CLANG_WARN_RANGE_LOOP_ANALYSIS = YES;
				CLANG_WARN_STRICT_PROTOTYPES = YES;
				CLANG_WARN_SUSPICIOUS_MOVE = YES;
				CLANG_WARN_UNGUARDED_AVAILABILITY = YES_AGGRESSIVE;
				CLANG_WARN_UNREACHABLE_CODE = YES;
				CLANG_WARN__DUPLICATE_METHOD_MATCH = YES;
				COPY_PHASE_STRIP = NO;
				DEBUG_INFORMATION_FORMAT = "dwarf-with-dsym";
				ENABLE_NS_ASSERTIONS = NO;
				ENABLE_STRICT_OBJC_MSGSEND = YES;
				GCC_C_LANGUAGE_STANDARD = gnu11;
				GCC_NO_COMMON_BLOCKS = YES;
				GCC_WARN_64_TO_32_BIT_CONVERSION = YES;
				GCC_WARN_ABOUT_RETURN_TYPE = YES_ERROR;
				GCC_WARN_UNDECLARED_SELECTOR = YES;
				GCC_WARN_UNINITIALIZED_AUTOS = YES_AGGRESSIVE;
				GCC_WARN_UNUSED_FUNCTION = YES;
				GCC_WARN_UNUSED_VARIABLE = YES;
				IPHONEOS_DEPLOYMENT_TARGET = 14.7;
				MTL_ENABLE_DEBUG_INFO = NO;
				MTL_FAST_MATH = YES;
				SDKROOT = iphoneos;
				SWIFT_COMPILATION_MODE = wholemodule;
				SWIFT_OPTIMIZATION_LEVEL = "-O";
				VALIDATE_PRODUCT = YES;
			};
			name = Release;
		};
		04F2AA7927931F0E00D4C062 /* Debug */ = {
			isa = XCBuildConfiguration;
			baseConfigurationReference = DEEC4D653BCBAE32C2DF21E1 /* Pods-DecaNews.debug.xcconfig */;
			buildSettings = {
				ASSETCATALOG_COMPILER_APPICON_NAME = AppIcon;
				ASSETCATALOG_COMPILER_GLOBAL_ACCENT_COLOR_NAME = AccentColor;
				CODE_SIGN_ENTITLEMENTS = DecaNews/DecaNews.entitlements;
				CODE_SIGN_IDENTITY = "Apple Development";
				CODE_SIGN_STYLE = Automatic;
				CURRENT_PROJECT_VERSION = 1;
				DEVELOPMENT_TEAM = G2HT7368M4;
				GENERATE_INFOPLIST_FILE = YES;
				INFOPLIST_FILE = DecaNews/Info.plist;
				INFOPLIST_KEY_UIApplicationSupportsIndirectInputEvents = YES;
				INFOPLIST_KEY_UILaunchStoryboardName = LaunchScreen;
				INFOPLIST_KEY_UIMainStoryboardFile = onboarding;
				INFOPLIST_KEY_UISupportedInterfaceOrientations_iPad = "UIInterfaceOrientationPortrait UIInterfaceOrientationPortraitUpsideDown UIInterfaceOrientationLandscapeLeft UIInterfaceOrientationLandscapeRight";
				INFOPLIST_KEY_UISupportedInterfaceOrientations_iPhone = "UIInterfaceOrientationPortrait UIInterfaceOrientationLandscapeLeft UIInterfaceOrientationLandscapeRight";
				LD_RUNPATH_SEARCH_PATHS = (
					"$(inherited)",
					"@executable_path/Frameworks",
				);
				MARKETING_VERSION = 1.0;
				PRODUCT_BUNDLE_IDENTIFIER = com.Decagon.DecaNews.dev;
				PRODUCT_NAME = "$(TARGET_NAME)";
				PROVISIONING_PROFILE_SPECIFIER = "";
				SUPPORTS_MACCATALYST = YES;
				SWIFT_EMIT_LOC_STRINGS = YES;
				SWIFT_VERSION = 5.0;
				TARGETED_DEVICE_FAMILY = "1,2";
			};
			name = Debug;
		};
		04F2AA7A27931F0E00D4C062 /* Release */ = {
			isa = XCBuildConfiguration;
			baseConfigurationReference = F661D99E3E7415444CF3FC96 /* Pods-DecaNews.release.xcconfig */;
			buildSettings = {
				ASSETCATALOG_COMPILER_APPICON_NAME = AppIcon;
				ASSETCATALOG_COMPILER_GLOBAL_ACCENT_COLOR_NAME = AccentColor;
				CODE_SIGN_ENTITLEMENTS = DecaNews/DecaNews.entitlements;
				CODE_SIGN_IDENTITY = "Apple Development";
				CODE_SIGN_STYLE = Automatic;
				CURRENT_PROJECT_VERSION = 1;
				DEVELOPMENT_TEAM = G2HT7368M4;
				GENERATE_INFOPLIST_FILE = YES;
				INFOPLIST_FILE = DecaNews/Info.plist;
				INFOPLIST_KEY_UIApplicationSupportsIndirectInputEvents = YES;
				INFOPLIST_KEY_UILaunchStoryboardName = LaunchScreen;
				INFOPLIST_KEY_UIMainStoryboardFile = onboarding;
				INFOPLIST_KEY_UISupportedInterfaceOrientations_iPad = "UIInterfaceOrientationPortrait UIInterfaceOrientationPortraitUpsideDown UIInterfaceOrientationLandscapeLeft UIInterfaceOrientationLandscapeRight";
				INFOPLIST_KEY_UISupportedInterfaceOrientations_iPhone = "UIInterfaceOrientationPortrait UIInterfaceOrientationLandscapeLeft UIInterfaceOrientationLandscapeRight";
				LD_RUNPATH_SEARCH_PATHS = (
					"$(inherited)",
					"@executable_path/Frameworks",
				);
				MARKETING_VERSION = 1.0;
				PRODUCT_BUNDLE_IDENTIFIER = com.Decagon.DecaNews.dev;
				PRODUCT_NAME = "$(TARGET_NAME)";
				PROVISIONING_PROFILE_SPECIFIER = "";
				SUPPORTS_MACCATALYST = YES;
				SWIFT_EMIT_LOC_STRINGS = YES;
				SWIFT_VERSION = 5.0;
				TARGETED_DEVICE_FAMILY = "1,2";
			};
			name = Release;
		};
/* End XCBuildConfiguration section */

/* Begin XCConfigurationList section */
		04F2AA5F27931F0A00D4C062 /* Build configuration list for PBXProject "DecaNews" */ = {
			isa = XCConfigurationList;
			buildConfigurations = (
				04F2AA7627931F0E00D4C062 /* Debug */,
				04F2AA7727931F0E00D4C062 /* Release */,
			);
			defaultConfigurationIsVisible = 0;
			defaultConfigurationName = Release;
		};
		04F2AA7827931F0E00D4C062 /* Build configuration list for PBXNativeTarget "DecaNews" */ = {
			isa = XCConfigurationList;
			buildConfigurations = (
				04F2AA7927931F0E00D4C062 /* Debug */,
				04F2AA7A27931F0E00D4C062 /* Release */,
			);
			defaultConfigurationIsVisible = 0;
			defaultConfigurationName = Release;
		};
/* End XCConfigurationList section */

/* Begin XCRemoteSwiftPackageReference section */
		04BC5A952796B1B900327E68 /* XCRemoteSwiftPackageReference "firebase-ios-sdk" */ = {
			isa = XCRemoteSwiftPackageReference;
			repositoryURL = "https://github.com/firebase/firebase-ios-sdk";
			requirement = {
				branch = master;
				kind = branch;
			};
		};
/* End XCRemoteSwiftPackageReference section */

/* Begin XCSwiftPackageProductDependency section */
		04BC5A962796B1B900327E68 /* FirebaseAuth */ = {
			isa = XCSwiftPackageProductDependency;
			package = 04BC5A952796B1B900327E68 /* XCRemoteSwiftPackageReference "firebase-ios-sdk" */;
			productName = FirebaseAuth;
		};
		04BC5A982796B1B900327E68 /* FirebaseDynamicLinks */ = {
			isa = XCSwiftPackageProductDependency;
			package = 04BC5A952796B1B900327E68 /* XCRemoteSwiftPackageReference "firebase-ios-sdk" */;
			productName = FirebaseDynamicLinks;
		};
		04BC5A9A2796B1B900327E68 /* FirebaseFirestore */ = {
			isa = XCSwiftPackageProductDependency;
			package = 04BC5A952796B1B900327E68 /* XCRemoteSwiftPackageReference "firebase-ios-sdk" */;
			productName = FirebaseFirestore;
		};
		04BC5A9C2796B1B900327E68 /* FirebaseMessaging */ = {
			isa = XCSwiftPackageProductDependency;
			package = 04BC5A952796B1B900327E68 /* XCRemoteSwiftPackageReference "firebase-ios-sdk" */;
			productName = FirebaseMessaging;
		};
		04BC5A9E2796B1B900327E68 /* FirebaseStorage */ = {
			isa = XCSwiftPackageProductDependency;
			package = 04BC5A952796B1B900327E68 /* XCRemoteSwiftPackageReference "firebase-ios-sdk" */;
			productName = FirebaseStorage;
		};
		B4249F4A27B64E24002C5E01 /* FirebaseFirestoreSwift-Beta */ = {
			isa = XCSwiftPackageProductDependency;
			package = 04BC5A952796B1B900327E68 /* XCRemoteSwiftPackageReference "firebase-ios-sdk" */;
			productName = "FirebaseFirestoreSwift-Beta";
		};
/* End XCSwiftPackageProductDependency section */
	};
	rootObject = 04F2AA5C27931F0A00D4C062 /* Project object */;
}
