// !$*UTF8*$!
{
	archiveVersion = 1;
	classes = {
	};
	objectVersion = 55;
	objects = {

/* Begin PBXBuildFile section */
		0426C0BC27A84CC4000BBCF1 /* GoogleService-Info.plist in Resources */ = {isa = PBXBuildFile; fileRef = 0426C0BB27A84CC4000BBCF1 /* GoogleService-Info.plist */; };
		04BC5A972796B1B900327E68 /* FirebaseAuth in Frameworks */ = {isa = PBXBuildFile; productRef = 04BC5A962796B1B900327E68 /* FirebaseAuth */; };
		04BC5A992796B1B900327E68 /* FirebaseDynamicLinks in Frameworks */ = {isa = PBXBuildFile; productRef = 04BC5A982796B1B900327E68 /* FirebaseDynamicLinks */; };
		04BC5A9B2796B1B900327E68 /* FirebaseFirestore in Frameworks */ = {isa = PBXBuildFile; productRef = 04BC5A9A2796B1B900327E68 /* FirebaseFirestore */; };
		04BC5A9D2796B1B900327E68 /* FirebaseMessaging in Frameworks */ = {isa = PBXBuildFile; productRef = 04BC5A9C2796B1B900327E68 /* FirebaseMessaging */; };
		04BC5A9F2796B1B900327E68 /* FirebaseStorage in Frameworks */ = {isa = PBXBuildFile; productRef = 04BC5A9E2796B1B900327E68 /* FirebaseStorage */; };
		04F2AA6827931F0A00D4C062 /* AppDelegate.swift in Sources */ = {isa = PBXBuildFile; fileRef = 04F2AA6727931F0A00D4C062 /* AppDelegate.swift */; };
		04F2AA6A27931F0A00D4C062 /* SceneDelegate.swift in Sources */ = {isa = PBXBuildFile; fileRef = 04F2AA6927931F0A00D4C062 /* SceneDelegate.swift */; };
		04F2AA6C27931F0A00D4C062 /* ViewController.swift in Sources */ = {isa = PBXBuildFile; fileRef = 04F2AA6B27931F0A00D4C062 /* ViewController.swift */; };
		04F2AA6F27931F0A00D4C062 /* Main.storyboard in Resources */ = {isa = PBXBuildFile; fileRef = 04F2AA6D27931F0A00D4C062 /* Main.storyboard */; };
		04F2AA7127931F0E00D4C062 /* Assets.xcassets in Resources */ = {isa = PBXBuildFile; fileRef = 04F2AA7027931F0E00D4C062 /* Assets.xcassets */; };
		04F2AA7427931F0E00D4C062 /* LaunchScreen.storyboard in Resources */ = {isa = PBXBuildFile; fileRef = 04F2AA7227931F0E00D4C062 /* LaunchScreen.storyboard */; };
		04F2AA8727943F6000D4C062 /* Model.swift in Sources */ = {isa = PBXBuildFile; fileRef = 04F2AA8627943F6000D4C062 /* Model.swift */; };
		04F2AA8B27943F9A00D4C062 /* ViewModel.swift in Sources */ = {isa = PBXBuildFile; fileRef = 04F2AA8A27943F9A00D4C062 /* ViewModel.swift */; };
		8BC58DD8FD6F52633D776422 /* Pods_DecaNews.framework in Frameworks */ = {isa = PBXBuildFile; fileRef = 52C94E8683780F357A83F5C9 /* Pods_DecaNews.framework */; };
		9410301627A9404700411376 /* EmailLoginViewController.swift in Sources */ = {isa = PBXBuildFile; fileRef = 9410301327A9404700411376 /* EmailLoginViewController.swift */; };
		9410301727A9404700411376 /* PasswordResetViewController.swift in Sources */ = {isa = PBXBuildFile; fileRef = 9410301427A9404700411376 /* PasswordResetViewController.swift */; };
		9410301827A9404700411376 /* SelectedTopicsViewController.swift in Sources */ = {isa = PBXBuildFile; fileRef = 9410301527A9404700411376 /* SelectedTopicsViewController.swift */; };
		9410301C27A9407400411376 /* FirebaseService.swift in Sources */ = {isa = PBXBuildFile; fileRef = 9410301B27A9407400411376 /* FirebaseService.swift */; };
		9410302027A9409F00411376 /* String+Extension.swift in Sources */ = {isa = PBXBuildFile; fileRef = 9410301F27A9409F00411376 /* String+Extension.swift */; };
		B46C8ECA279BF29800C1A903 /* OnboardingCollectionViewCell.swift in Sources */ = {isa = PBXBuildFile; fileRef = B46C8EC9279BF29800C1A903 /* OnboardingCollectionViewCell.swift */; };
		B46C8ECC279C650400C1A903 /* IndicatorLabel.swift in Sources */ = {isa = PBXBuildFile; fileRef = B46C8ECB279C650400C1A903 /* IndicatorLabel.swift */; };
		B47E589C27948C0100D70341 /* Coordinator.swift in Sources */ = {isa = PBXBuildFile; fileRef = B47E589B27948C0100D70341 /* Coordinator.swift */; };
		B47E589E27948C1D00D70341 /* MainCoordinator.swift in Sources */ = {isa = PBXBuildFile; fileRef = B47E589D27948C1D00D70341 /* MainCoordinator.swift */; };
		B49DCD422797DE6E005E9A04 /* onboarding.storyboard in Resources */ = {isa = PBXBuildFile; fileRef = B49DCD412797DE6E005E9A04 /* onboarding.storyboard */; };
		B49DCD442797F082005E9A04 /* OnboardingViewController.swift in Sources */ = {isa = PBXBuildFile; fileRef = B49DCD432797F082005E9A04 /* OnboardingViewController.swift */; };
		B49DCD462797F680005E9A04 /* OnboardingViewModel.swift in Sources */ = {isa = PBXBuildFile; fileRef = B49DCD452797F680005E9A04 /* OnboardingViewModel.swift */; };
/* End PBXBuildFile section */

/* Begin PBXFileReference section */
		0426C0BB27A84CC4000BBCF1 /* GoogleService-Info.plist */ = {isa = PBXFileReference; fileEncoding = 4; lastKnownFileType = text.plist.xml; path = "GoogleService-Info.plist"; sourceTree = "<group>"; };
		04F2AA6427931F0A00D4C062 /* DecaNews.app */ = {isa = PBXFileReference; explicitFileType = wrapper.application; includeInIndex = 0; path = DecaNews.app; sourceTree = BUILT_PRODUCTS_DIR; };
		04F2AA6727931F0A00D4C062 /* AppDelegate.swift */ = {isa = PBXFileReference; lastKnownFileType = sourcecode.swift; path = AppDelegate.swift; sourceTree = "<group>"; };
		04F2AA6927931F0A00D4C062 /* SceneDelegate.swift */ = {isa = PBXFileReference; lastKnownFileType = sourcecode.swift; path = SceneDelegate.swift; sourceTree = "<group>"; };
		04F2AA6B27931F0A00D4C062 /* ViewController.swift */ = {isa = PBXFileReference; lastKnownFileType = sourcecode.swift; path = ViewController.swift; sourceTree = "<group>"; };
		04F2AA6E27931F0A00D4C062 /* Base */ = {isa = PBXFileReference; lastKnownFileType = file.storyboard; name = Base; path = Base.lproj/Main.storyboard; sourceTree = "<group>"; };
		04F2AA7027931F0E00D4C062 /* Assets.xcassets */ = {isa = PBXFileReference; lastKnownFileType = folder.assetcatalog; path = Assets.xcassets; sourceTree = "<group>"; };
		04F2AA7327931F0E00D4C062 /* Base */ = {isa = PBXFileReference; lastKnownFileType = file.storyboard; name = Base; path = Base.lproj/LaunchScreen.storyboard; sourceTree = "<group>"; };
		04F2AA7527931F0E00D4C062 /* Info.plist */ = {isa = PBXFileReference; lastKnownFileType = text.plist.xml; path = Info.plist; sourceTree = "<group>"; };
		04F2AA8627943F6000D4C062 /* Model.swift */ = {isa = PBXFileReference; lastKnownFileType = sourcecode.swift; path = Model.swift; sourceTree = "<group>"; };
		04F2AA8A27943F9A00D4C062 /* ViewModel.swift */ = {isa = PBXFileReference; lastKnownFileType = sourcecode.swift; path = ViewModel.swift; sourceTree = "<group>"; };
		52C94E8683780F357A83F5C9 /* Pods_DecaNews.framework */ = {isa = PBXFileReference; explicitFileType = wrapper.framework; includeInIndex = 0; path = Pods_DecaNews.framework; sourceTree = BUILT_PRODUCTS_DIR; };
		9410301327A9404700411376 /* EmailLoginViewController.swift */ = {isa = PBXFileReference; fileEncoding = 4; lastKnownFileType = sourcecode.swift; path = EmailLoginViewController.swift; sourceTree = "<group>"; };
		9410301427A9404700411376 /* PasswordResetViewController.swift */ = {isa = PBXFileReference; fileEncoding = 4; lastKnownFileType = sourcecode.swift; path = PasswordResetViewController.swift; sourceTree = "<group>"; };
		9410301527A9404700411376 /* SelectedTopicsViewController.swift */ = {isa = PBXFileReference; fileEncoding = 4; lastKnownFileType = sourcecode.swift; path = SelectedTopicsViewController.swift; sourceTree = "<group>"; };
		9410301B27A9407400411376 /* FirebaseService.swift */ = {isa = PBXFileReference; lastKnownFileType = sourcecode.swift; path = FirebaseService.swift; sourceTree = "<group>"; };
		9410301F27A9409F00411376 /* String+Extension.swift */ = {isa = PBXFileReference; fileEncoding = 4; lastKnownFileType = sourcecode.swift; path = "String+Extension.swift"; sourceTree = "<group>"; };
		B46C8EC9279BF29800C1A903 /* OnboardingCollectionViewCell.swift */ = {isa = PBXFileReference; lastKnownFileType = sourcecode.swift; path = OnboardingCollectionViewCell.swift; sourceTree = SOURCE_ROOT; };
		B46C8ECB279C650400C1A903 /* IndicatorLabel.swift */ = {isa = PBXFileReference; lastKnownFileType = sourcecode.swift; path = IndicatorLabel.swift; sourceTree = "<group>"; };
		B47E589B27948C0100D70341 /* Coordinator.swift */ = {isa = PBXFileReference; lastKnownFileType = sourcecode.swift; path = Coordinator.swift; sourceTree = "<group>"; };
		B47E589D27948C1D00D70341 /* MainCoordinator.swift */ = {isa = PBXFileReference; lastKnownFileType = sourcecode.swift; path = MainCoordinator.swift; sourceTree = "<group>"; };
		B49DCD412797DE6E005E9A04 /* onboarding.storyboard */ = {isa = PBXFileReference; lastKnownFileType = file.storyboard; path = onboarding.storyboard; sourceTree = "<group>"; };
		B49DCD432797F082005E9A04 /* OnboardingViewController.swift */ = {isa = PBXFileReference; lastKnownFileType = sourcecode.swift; name = OnboardingViewController.swift; path = DecaNews/View/OnboardingViewController.swift; sourceTree = SOURCE_ROOT; };
		B49DCD452797F680005E9A04 /* OnboardingViewModel.swift */ = {isa = PBXFileReference; lastKnownFileType = sourcecode.swift; path = OnboardingViewModel.swift; sourceTree = "<group>"; };
		D498B0FE59F3C90188C0B02A /* Pods-DecaNews.release.xcconfig */ = {isa = PBXFileReference; includeInIndex = 1; lastKnownFileType = text.xcconfig; name = "Pods-DecaNews.release.xcconfig"; path = "Target Support Files/Pods-DecaNews/Pods-DecaNews.release.xcconfig"; sourceTree = "<group>"; };
		FE8ED4E9A087D4E2D9B077FA /* Pods-DecaNews.debug.xcconfig */ = {isa = PBXFileReference; includeInIndex = 1; lastKnownFileType = text.xcconfig; name = "Pods-DecaNews.debug.xcconfig"; path = "Target Support Files/Pods-DecaNews/Pods-DecaNews.debug.xcconfig"; sourceTree = "<group>"; };
/* End PBXFileReference section */

/* Begin PBXFrameworksBuildPhase section */
		04F2AA6127931F0A00D4C062 /* Frameworks */ = {
			isa = PBXFrameworksBuildPhase;
			buildActionMask = 2147483647;
			files = (
				8BC58DD8FD6F52633D776422 /* Pods_DecaNews.framework in Frameworks */,
				04BC5A9B2796B1B900327E68 /* FirebaseFirestore in Frameworks */,
				04BC5A9D2796B1B900327E68 /* FirebaseMessaging in Frameworks */,
				04BC5A972796B1B900327E68 /* FirebaseAuth in Frameworks */,
				04BC5A992796B1B900327E68 /* FirebaseDynamicLinks in Frameworks */,
				04BC5A9F2796B1B900327E68 /* FirebaseStorage in Frameworks */,
			);
			runOnlyForDeploymentPostprocessing = 0;
		};
/* End PBXFrameworksBuildPhase section */

/* Begin PBXGroup section */
		04F2AA5B27931F0A00D4C062 = {
			isa = PBXGroup;
			children = (
				04F2AA6627931F0A00D4C062 /* DecaNews */,
				04F2AA6527931F0A00D4C062 /* Products */,
				2120C6C26FC59197AAEBA3EE /* Pods */,
				E9231A2643B35C35E5519E52 /* Frameworks */,
			);
			sourceTree = "<group>";
		};
		04F2AA6527931F0A00D4C062 /* Products */ = {
			isa = PBXGroup;
			children = (
				04F2AA6427931F0A00D4C062 /* DecaNews.app */,
			);
			name = Products;
			sourceTree = "<group>";
		};
		04F2AA6627931F0A00D4C062 /* DecaNews */ = {
			isa = PBXGroup;
			children = (
				9410301E27A9409F00411376 /* Extension */,
				9410301D27A9408000411376 /* Service */,
				B47E589A27948BD800D70341 /* Coordinator */,
				04F2AA8527943F5000D4C062 /* Model */,
				04F2AA7C27931F3100D4C062 /* View */,
				04F2AA8927943F7E00D4C062 /* View-Model */,
				04F2AA7B27931F2000D4C062 /* App */,
				04F2AA7D27931F4100D4C062 /* Resources */,
				0426C0BB27A84CC4000BBCF1 /* GoogleService-Info.plist */,
				04F2AA7527931F0E00D4C062 /* Info.plist */,
			);
			path = DecaNews;
			sourceTree = "<group>";
		};
		04F2AA7B27931F2000D4C062 /* App */ = {
			isa = PBXGroup;
			children = (
				04F2AA6727931F0A00D4C062 /* AppDelegate.swift */,
				04F2AA6927931F0A00D4C062 /* SceneDelegate.swift */,
			);
			path = App;
			sourceTree = "<group>";
		};
		04F2AA7C27931F3100D4C062 /* View */ = {
			isa = PBXGroup;
			children = (
				B46C8EC9279BF29800C1A903 /* OnboardingCollectionViewCell.swift */,
				04F2AA6B27931F0A00D4C062 /* ViewController.swift */,
				9410301327A9404700411376 /* EmailLoginViewController.swift */,
				9410301427A9404700411376 /* PasswordResetViewController.swift */,
				9410301527A9404700411376 /* SelectedTopicsViewController.swift */,
				B49DCD432797F082005E9A04 /* OnboardingViewController.swift */,
			);
			path = View;
			sourceTree = "<group>";
		};
		04F2AA7D27931F4100D4C062 /* Resources */ = {
			isa = PBXGroup;
			children = (
				04F2AA6D27931F0A00D4C062 /* Main.storyboard */,
				04F2AA7027931F0E00D4C062 /* Assets.xcassets */,
				04F2AA7227931F0E00D4C062 /* LaunchScreen.storyboard */,
				B49DCD412797DE6E005E9A04 /* onboarding.storyboard */,
				B46C8ECB279C650400C1A903 /* IndicatorLabel.swift */,
			);
			path = Resources;
			sourceTree = "<group>";
		};
		04F2AA8527943F5000D4C062 /* Model */ = {
			isa = PBXGroup;
			children = (
				04F2AA8627943F6000D4C062 /* Model.swift */,
			);
			path = Model;
			sourceTree = "<group>";
		};
		04F2AA8927943F7E00D4C062 /* View-Model */ = {
			isa = PBXGroup;
			children = (
				04F2AA8A27943F9A00D4C062 /* ViewModel.swift */,
				B49DCD452797F680005E9A04 /* OnboardingViewModel.swift */,
			);
			path = "View-Model";
			sourceTree = "<group>";
		};
		2120C6C26FC59197AAEBA3EE /* Pods */ = {
			isa = PBXGroup;
			children = (
				FE8ED4E9A087D4E2D9B077FA /* Pods-DecaNews.debug.xcconfig */,
				D498B0FE59F3C90188C0B02A /* Pods-DecaNews.release.xcconfig */,
			);
			path = Pods;
			sourceTree = "<group>";
		};
		9410301D27A9408000411376 /* Service */ = {
			isa = PBXGroup;
			children = (
				9410301B27A9407400411376 /* FirebaseService.swift */,
			);
			path = Service;
			sourceTree = "<group>";
		};
		9410301E27A9409F00411376 /* Extension */ = {
			isa = PBXGroup;
			children = (
				9410301F27A9409F00411376 /* String+Extension.swift */,
			);
			name = Extension;
			path = DecaNews/Extension;
			sourceTree = SOURCE_ROOT;
		};
		B47E589A27948BD800D70341 /* Coordinator */ = {
			isa = PBXGroup;
			children = (
				B47E589B27948C0100D70341 /* Coordinator.swift */,
				B47E589D27948C1D00D70341 /* MainCoordinator.swift */,
			);
			path = Coordinator;
			sourceTree = "<group>";
		};
		E9231A2643B35C35E5519E52 /* Frameworks */ = {
			isa = PBXGroup;
			children = (
				52C94E8683780F357A83F5C9 /* Pods_DecaNews.framework */,
			);
			name = Frameworks;
			sourceTree = "<group>";
		};
/* End PBXGroup section */

/* Begin PBXNativeTarget section */
		04F2AA6327931F0A00D4C062 /* DecaNews */ = {
			isa = PBXNativeTarget;
			buildConfigurationList = 04F2AA7827931F0E00D4C062 /* Build configuration list for PBXNativeTarget "DecaNews" */;
			buildPhases = (
				A68674E427F15F6CDF0BFEA3 /* [CP] Check Pods Manifest.lock */,
				04F2AA6027931F0A00D4C062 /* Sources */,
				04F2AA6127931F0A00D4C062 /* Frameworks */,
				04F2AA6227931F0A00D4C062 /* Resources */,
				04F2AA80279322AC00D4C062 /* ShellScript */,
			);
			buildRules = (
			);
			dependencies = (
			);
			name = DecaNews;
			packageProductDependencies = (
				04BC5A962796B1B900327E68 /* FirebaseAuth */,
				04BC5A982796B1B900327E68 /* FirebaseDynamicLinks */,
				04BC5A9A2796B1B900327E68 /* FirebaseFirestore */,
				04BC5A9C2796B1B900327E68 /* FirebaseMessaging */,
				04BC5A9E2796B1B900327E68 /* FirebaseStorage */,
			);
			productName = DecaNews;
			productReference = 04F2AA6427931F0A00D4C062 /* DecaNews.app */;
			productType = "com.apple.product-type.application";
		};
/* End PBXNativeTarget section */

/* Begin PBXProject section */
		04F2AA5C27931F0A00D4C062 /* Project object */ = {
			isa = PBXProject;
			attributes = {
				BuildIndependentTargetsInParallel = 1;
				LastSwiftUpdateCheck = 1310;
				LastUpgradeCheck = 1310;
				TargetAttributes = {
					04F2AA6327931F0A00D4C062 = {
						CreatedOnToolsVersion = 13.1;
					};
				};
			};
			buildConfigurationList = 04F2AA5F27931F0A00D4C062 /* Build configuration list for PBXProject "DecaNews" */;
			compatibilityVersion = "Xcode 13.0";
			developmentRegion = en;
			hasScannedForEncodings = 0;
			knownRegions = (
				en,
				Base,
			);
			mainGroup = 04F2AA5B27931F0A00D4C062;
			packageReferences = (
				04BC5A952796B1B900327E68 /* XCRemoteSwiftPackageReference "firebase-ios-sdk" */,
			);
			productRefGroup = 04F2AA6527931F0A00D4C062 /* Products */;
			projectDirPath = "";
			projectRoot = "";
			targets = (
				04F2AA6327931F0A00D4C062 /* DecaNews */,
			);
		};
/* End PBXProject section */

/* Begin PBXResourcesBuildPhase section */
		04F2AA6227931F0A00D4C062 /* Resources */ = {
			isa = PBXResourcesBuildPhase;
			buildActionMask = 2147483647;
			files = (
				04F2AA7427931F0E00D4C062 /* LaunchScreen.storyboard in Resources */,
				0426C0BC27A84CC4000BBCF1 /* GoogleService-Info.plist in Resources */,
				04F2AA7127931F0E00D4C062 /* Assets.xcassets in Resources */,
				B49DCD422797DE6E005E9A04 /* onboarding.storyboard in Resources */,
				04F2AA6F27931F0A00D4C062 /* Main.storyboard in Resources */,
			);
			runOnlyForDeploymentPostprocessing = 0;
		};
/* End PBXResourcesBuildPhase section */

/* Begin PBXShellScriptBuildPhase section */
		04F2AA80279322AC00D4C062 /* ShellScript */ = {
			isa = PBXShellScriptBuildPhase;
			buildActionMask = 2147483647;
			files = (
			);
			inputFileListPaths = (
			);
			inputPaths = (
			);
			outputFileListPaths = (
			);
			outputPaths = (
			);
			runOnlyForDeploymentPostprocessing = 0;
			shellPath = /bin/sh;
			shellScript = "# Type a script or drag a script file from your workspace to insert its path.\nif which swiftlint >/dev/null; then\n  swiftlint\nelse\n  echo \"warning: SwiftLint not installed, download from https://github.com/realm/SwiftLint\"\nfi\n";
		};
		A68674E427F15F6CDF0BFEA3 /* [CP] Check Pods Manifest.lock */ = {
			isa = PBXShellScriptBuildPhase;
			buildActionMask = 2147483647;
			files = (
			);
			inputFileListPaths = (
			);
			inputPaths = (
				"${PODS_PODFILE_DIR_PATH}/Podfile.lock",
				"${PODS_ROOT}/Manifest.lock",
			);
			name = "[CP] Check Pods Manifest.lock";
			outputFileListPaths = (
			);
			outputPaths = (
				"$(DERIVED_FILE_DIR)/Pods-DecaNews-checkManifestLockResult.txt",
			);
			runOnlyForDeploymentPostprocessing = 0;
			shellPath = /bin/sh;
			shellScript = "diff \"${PODS_PODFILE_DIR_PATH}/Podfile.lock\" \"${PODS_ROOT}/Manifest.lock\" > /dev/null\nif [ $? != 0 ] ; then\n    # print error to STDERR\n    echo \"error: The sandbox is not in sync with the Podfile.lock. Run 'pod install' or update your CocoaPods installation.\" >&2\n    exit 1\nfi\n# This output is used by Xcode 'outputs' to avoid re-running this script phase.\necho \"SUCCESS\" > \"${SCRIPT_OUTPUT_FILE_0}\"\n";
			showEnvVarsInLog = 0;
		};
/* End PBXShellScriptBuildPhase section */

/* Begin PBXSourcesBuildPhase section */
		04F2AA6027931F0A00D4C062 /* Sources */ = {
			isa = PBXSourcesBuildPhase;
			buildActionMask = 2147483647;
			files = (
				9410302027A9409F00411376 /* String+Extension.swift in Sources */,
				04F2AA8B27943F9A00D4C062 /* ViewModel.swift in Sources */,
				9410301C27A9407400411376 /* FirebaseService.swift in Sources */,
				9410301627A9404700411376 /* EmailLoginViewController.swift in Sources */,
				B46C8ECC279C650400C1A903 /* IndicatorLabel.swift in Sources */,
				9410301827A9404700411376 /* SelectedTopicsViewController.swift in Sources */,
				B47E589E27948C1D00D70341 /* MainCoordinator.swift in Sources */,
				04F2AA8727943F6000D4C062 /* Model.swift in Sources */,
				B49DCD442797F082005E9A04 /* OnboardingViewController.swift in Sources */,
				B49DCD462797F680005E9A04 /* OnboardingViewModel.swift in Sources */,
				9410301727A9404700411376 /* PasswordResetViewController.swift in Sources */,
				B47E589C27948C0100D70341 /* Coordinator.swift in Sources */,
				04F2AA6C27931F0A00D4C062 /* ViewController.swift in Sources */,
				B46C8ECA279BF29800C1A903 /* OnboardingCollectionViewCell.swift in Sources */,
				04F2AA6827931F0A00D4C062 /* AppDelegate.swift in Sources */,
				04F2AA6A27931F0A00D4C062 /* SceneDelegate.swift in Sources */,
			);
			runOnlyForDeploymentPostprocessing = 0;
		};
/* End PBXSourcesBuildPhase section */

/* Begin PBXVariantGroup section */
		04F2AA6D27931F0A00D4C062 /* Main.storyboard */ = {
			isa = PBXVariantGroup;
			children = (
				04F2AA6E27931F0A00D4C062 /* Base */,
			);
			name = Main.storyboard;
			sourceTree = "<group>";
		};
		04F2AA7227931F0E00D4C062 /* LaunchScreen.storyboard */ = {
			isa = PBXVariantGroup;
			children = (
				04F2AA7327931F0E00D4C062 /* Base */,
			);
			name = LaunchScreen.storyboard;
			sourceTree = "<group>";
		};
/* End PBXVariantGroup section */

/* Begin XCBuildConfiguration section */
		04F2AA7627931F0E00D4C062 /* Debug */ = {
			isa = XCBuildConfiguration;
			buildSettings = {
				ALWAYS_SEARCH_USER_PATHS = NO;
				CLANG_ANALYZER_NONNULL = YES;
				CLANG_ANALYZER_NUMBER_OBJECT_CONVERSION = YES_AGGRESSIVE;
				CLANG_CXX_LANGUAGE_STANDARD = "gnu++17";
				CLANG_CXX_LIBRARY = "libc++";
				CLANG_ENABLE_MODULES = YES;
				CLANG_ENABLE_OBJC_ARC = YES;
				CLANG_ENABLE_OBJC_WEAK = YES;
				CLANG_WARN_BLOCK_CAPTURE_AUTORELEASING = YES;
				CLANG_WARN_BOOL_CONVERSION = YES;
				CLANG_WARN_COMMA = YES;
				CLANG_WARN_CONSTANT_CONVERSION = YES;
				CLANG_WARN_DEPRECATED_OBJC_IMPLEMENTATIONS = YES;
				CLANG_WARN_DIRECT_OBJC_ISA_USAGE = YES_ERROR;
				CLANG_WARN_DOCUMENTATION_COMMENTS = YES;
				CLANG_WARN_EMPTY_BODY = YES;
				CLANG_WARN_ENUM_CONVERSION = YES;
				CLANG_WARN_INFINITE_RECURSION = YES;
				CLANG_WARN_INT_CONVERSION = YES;
				CLANG_WARN_NON_LITERAL_NULL_CONVERSION = YES;
				CLANG_WARN_OBJC_IMPLICIT_RETAIN_SELF = YES;
				CLANG_WARN_OBJC_LITERAL_CONVERSION = YES;
				CLANG_WARN_OBJC_ROOT_CLASS = YES_ERROR;
				CLANG_WARN_QUOTED_INCLUDE_IN_FRAMEWORK_HEADER = YES;
				CLANG_WARN_RANGE_LOOP_ANALYSIS = YES;
				CLANG_WARN_STRICT_PROTOTYPES = YES;
				CLANG_WARN_SUSPICIOUS_MOVE = YES;
				CLANG_WARN_UNGUARDED_AVAILABILITY = YES_AGGRESSIVE;
				CLANG_WARN_UNREACHABLE_CODE = YES;
				CLANG_WARN__DUPLICATE_METHOD_MATCH = YES;
				COPY_PHASE_STRIP = NO;
				DEBUG_INFORMATION_FORMAT = dwarf;
				ENABLE_STRICT_OBJC_MSGSEND = YES;
				ENABLE_TESTABILITY = YES;
				GCC_C_LANGUAGE_STANDARD = gnu11;
				GCC_DYNAMIC_NO_PIC = NO;
				GCC_NO_COMMON_BLOCKS = YES;
				GCC_OPTIMIZATION_LEVEL = 0;
				GCC_PREPROCESSOR_DEFINITIONS = (
					"DEBUG=1",
					"$(inherited)",
				);
				GCC_WARN_64_TO_32_BIT_CONVERSION = YES;
				GCC_WARN_ABOUT_RETURN_TYPE = YES_ERROR;
				GCC_WARN_UNDECLARED_SELECTOR = YES;
				GCC_WARN_UNINITIALIZED_AUTOS = YES_AGGRESSIVE;
				GCC_WARN_UNUSED_FUNCTION = YES;
				GCC_WARN_UNUSED_VARIABLE = YES;
				IPHONEOS_DEPLOYMENT_TARGET = 15.0;
				MTL_ENABLE_DEBUG_INFO = INCLUDE_SOURCE;
				MTL_FAST_MATH = YES;
				ONLY_ACTIVE_ARCH = YES;
				SDKROOT = iphoneos;
				SWIFT_ACTIVE_COMPILATION_CONDITIONS = DEBUG;
				SWIFT_OPTIMIZATION_LEVEL = "-Onone";
			};
			name = Debug;
		};
		04F2AA7727931F0E00D4C062 /* Release */ = {
			isa = XCBuildConfiguration;
			buildSettings = {
				ALWAYS_SEARCH_USER_PATHS = NO;
				CLANG_ANALYZER_NONNULL = YES;
				CLANG_ANALYZER_NUMBER_OBJECT_CONVERSION = YES_AGGRESSIVE;
				CLANG_CXX_LANGUAGE_STANDARD = "gnu++17";
				CLANG_CXX_LIBRARY = "libc++";
				CLANG_ENABLE_MODULES = YES;
				CLANG_ENABLE_OBJC_ARC = YES;
				CLANG_ENABLE_OBJC_WEAK = YES;
				CLANG_WARN_BLOCK_CAPTURE_AUTORELEASING = YES;
				CLANG_WARN_BOOL_CONVERSION = YES;
				CLANG_WARN_COMMA = YES;
				CLANG_WARN_CONSTANT_CONVERSION = YES;
				CLANG_WARN_DEPRECATED_OBJC_IMPLEMENTATIONS = YES;
				CLANG_WARN_DIRECT_OBJC_ISA_USAGE = YES_ERROR;
				CLANG_WARN_DOCUMENTATION_COMMENTS = YES;
				CLANG_WARN_EMPTY_BODY = YES;
				CLANG_WARN_ENUM_CONVERSION = YES;
				CLANG_WARN_INFINITE_RECURSION = YES;
				CLANG_WARN_INT_CONVERSION = YES;
				CLANG_WARN_NON_LITERAL_NULL_CONVERSION = YES;
				CLANG_WARN_OBJC_IMPLICIT_RETAIN_SELF = YES;
				CLANG_WARN_OBJC_LITERAL_CONVERSION = YES;
				CLANG_WARN_OBJC_ROOT_CLASS = YES_ERROR;
				CLANG_WARN_QUOTED_INCLUDE_IN_FRAMEWORK_HEADER = YES;
				CLANG_WARN_RANGE_LOOP_ANALYSIS = YES;
				CLANG_WARN_STRICT_PROTOTYPES = YES;
				CLANG_WARN_SUSPICIOUS_MOVE = YES;
				CLANG_WARN_UNGUARDED_AVAILABILITY = YES_AGGRESSIVE;
				CLANG_WARN_UNREACHABLE_CODE = YES;
				CLANG_WARN__DUPLICATE_METHOD_MATCH = YES;
				COPY_PHASE_STRIP = NO;
				DEBUG_INFORMATION_FORMAT = "dwarf-with-dsym";
				ENABLE_NS_ASSERTIONS = NO;
				ENABLE_STRICT_OBJC_MSGSEND = YES;
				GCC_C_LANGUAGE_STANDARD = gnu11;
				GCC_NO_COMMON_BLOCKS = YES;
				GCC_WARN_64_TO_32_BIT_CONVERSION = YES;
				GCC_WARN_ABOUT_RETURN_TYPE = YES_ERROR;
				GCC_WARN_UNDECLARED_SELECTOR = YES;
				GCC_WARN_UNINITIALIZED_AUTOS = YES_AGGRESSIVE;
				GCC_WARN_UNUSED_FUNCTION = YES;
				GCC_WARN_UNUSED_VARIABLE = YES;
				IPHONEOS_DEPLOYMENT_TARGET = 15.0;
				MTL_ENABLE_DEBUG_INFO = NO;
				MTL_FAST_MATH = YES;
				SDKROOT = iphoneos;
				SWIFT_COMPILATION_MODE = wholemodule;
				SWIFT_OPTIMIZATION_LEVEL = "-O";
				VALIDATE_PRODUCT = YES;
			};
			name = Release;
		};
		04F2AA7927931F0E00D4C062 /* Debug */ = {
			isa = XCBuildConfiguration;
			baseConfigurationReference = FE8ED4E9A087D4E2D9B077FA /* Pods-DecaNews.debug.xcconfig */;
			buildSettings = {
				ASSETCATALOG_COMPILER_APPICON_NAME = AppIcon;
				ASSETCATALOG_COMPILER_GLOBAL_ACCENT_COLOR_NAME = AccentColor;
				CODE_SIGN_IDENTITY = "Apple Development";
				CODE_SIGN_STYLE = Automatic;
				CURRENT_PROJECT_VERSION = 1;
				DEVELOPMENT_TEAM = G2HT7368M4;
				GENERATE_INFOPLIST_FILE = YES;
				INFOPLIST_FILE = DecaNews/Info.plist;
				INFOPLIST_KEY_UIApplicationSupportsIndirectInputEvents = YES;
				INFOPLIST_KEY_UILaunchStoryboardName = LaunchScreen;
				INFOPLIST_KEY_UIMainStoryboardFile = Main;
				INFOPLIST_KEY_UISupportedInterfaceOrientations_iPad = "UIInterfaceOrientationPortrait UIInterfaceOrientationPortraitUpsideDown UIInterfaceOrientationLandscapeLeft UIInterfaceOrientationLandscapeRight";
				INFOPLIST_KEY_UISupportedInterfaceOrientations_iPhone = "UIInterfaceOrientationPortrait UIInterfaceOrientationLandscapeLeft UIInterfaceOrientationLandscapeRight";
				LD_RUNPATH_SEARCH_PATHS = (
					"$(inherited)",
					"@executable_path/Frameworks",
				);
				MARKETING_VERSION = 1.0;
				PRODUCT_BUNDLE_IDENTIFIER = com.Decagon.DecaNews.dev;
				PRODUCT_NAME = "$(TARGET_NAME)";
				PROVISIONING_PROFILE_SPECIFIER = "";
				SWIFT_EMIT_LOC_STRINGS = YES;
				SWIFT_VERSION = 5.0;
				TARGETED_DEVICE_FAMILY = "1,2";
			};
			name = Debug;
		};
		04F2AA7A27931F0E00D4C062 /* Release */ = {
			isa = XCBuildConfiguration;
			baseConfigurationReference = D498B0FE59F3C90188C0B02A /* Pods-DecaNews.release.xcconfig */;
			buildSettings = {
				ASSETCATALOG_COMPILER_APPICON_NAME = AppIcon;
				ASSETCATALOG_COMPILER_GLOBAL_ACCENT_COLOR_NAME = AccentColor;
				CODE_SIGN_IDENTITY = "Apple Development";
				CODE_SIGN_STYLE = Automatic;
				CURRENT_PROJECT_VERSION = 1;
				DEVELOPMENT_TEAM = G2HT7368M4;
				GENERATE_INFOPLIST_FILE = YES;
				INFOPLIST_FILE = DecaNews/Info.plist;
				INFOPLIST_KEY_UIApplicationSupportsIndirectInputEvents = YES;
				INFOPLIST_KEY_UILaunchStoryboardName = LaunchScreen;
				INFOPLIST_KEY_UIMainStoryboardFile = Main;
				INFOPLIST_KEY_UISupportedInterfaceOrientations_iPad = "UIInterfaceOrientationPortrait UIInterfaceOrientationPortraitUpsideDown UIInterfaceOrientationLandscapeLeft UIInterfaceOrientationLandscapeRight";
				INFOPLIST_KEY_UISupportedInterfaceOrientations_iPhone = "UIInterfaceOrientationPortrait UIInterfaceOrientationLandscapeLeft UIInterfaceOrientationLandscapeRight";
				LD_RUNPATH_SEARCH_PATHS = (
					"$(inherited)",
					"@executable_path/Frameworks",
				);
				MARKETING_VERSION = 1.0;
				PRODUCT_BUNDLE_IDENTIFIER = com.Decagon.DecaNews.dev;
				PRODUCT_NAME = "$(TARGET_NAME)";
				PROVISIONING_PROFILE_SPECIFIER = "";
				SWIFT_EMIT_LOC_STRINGS = YES;
				SWIFT_VERSION = 5.0;
				TARGETED_DEVICE_FAMILY = "1,2";
			};
			name = Release;
		};
/* End XCBuildConfiguration section */

/* Begin XCConfigurationList section */
		04F2AA5F27931F0A00D4C062 /* Build configuration list for PBXProject "DecaNews" */ = {
			isa = XCConfigurationList;
			buildConfigurations = (
				04F2AA7627931F0E00D4C062 /* Debug */,
				04F2AA7727931F0E00D4C062 /* Release */,
			);
			defaultConfigurationIsVisible = 0;
			defaultConfigurationName = Release;
		};
		04F2AA7827931F0E00D4C062 /* Build configuration list for PBXNativeTarget "DecaNews" */ = {
			isa = XCConfigurationList;
			buildConfigurations = (
				04F2AA7927931F0E00D4C062 /* Debug */,
				04F2AA7A27931F0E00D4C062 /* Release */,
			);
			defaultConfigurationIsVisible = 0;
			defaultConfigurationName = Release;
		};
/* End XCConfigurationList section */

/* Begin XCRemoteSwiftPackageReference section */
		04BC5A952796B1B900327E68 /* XCRemoteSwiftPackageReference "firebase-ios-sdk" */ = {
			isa = XCRemoteSwiftPackageReference;
			repositoryURL = "https://github.com/firebase/firebase-ios-sdk";
			requirement = {
				branch = master;
				kind = branch;
			};
		};
/* End XCRemoteSwiftPackageReference section */

/* Begin XCSwiftPackageProductDependency section */
		04BC5A962796B1B900327E68 /* FirebaseAuth */ = {
			isa = XCSwiftPackageProductDependency;
			package = 04BC5A952796B1B900327E68 /* XCRemoteSwiftPackageReference "firebase-ios-sdk" */;
			productName = FirebaseAuth;
		};
		04BC5A982796B1B900327E68 /* FirebaseDynamicLinks */ = {
			isa = XCSwiftPackageProductDependency;
			package = 04BC5A952796B1B900327E68 /* XCRemoteSwiftPackageReference "firebase-ios-sdk" */;
			productName = FirebaseDynamicLinks;
		};
		04BC5A9A2796B1B900327E68 /* FirebaseFirestore */ = {
			isa = XCSwiftPackageProductDependency;
			package = 04BC5A952796B1B900327E68 /* XCRemoteSwiftPackageReference "firebase-ios-sdk" */;
			productName = FirebaseFirestore;
		};
		04BC5A9C2796B1B900327E68 /* FirebaseMessaging */ = {
			isa = XCSwiftPackageProductDependency;
			package = 04BC5A952796B1B900327E68 /* XCRemoteSwiftPackageReference "firebase-ios-sdk" */;
			productName = FirebaseMessaging;
		};
		04BC5A9E2796B1B900327E68 /* FirebaseStorage */ = {
			isa = XCSwiftPackageProductDependency;
			package = 04BC5A952796B1B900327E68 /* XCRemoteSwiftPackageReference "firebase-ios-sdk" */;
			productName = FirebaseStorage;
		};
/* End XCSwiftPackageProductDependency section */
	};
	rootObject = 04F2AA5C27931F0A00D4C062 /* Project object */;
}
